
Microsoft Visual Studio Solution File, Format Version 12.00
# Visual Studio 15
VisualStudioVersion = 15.0.28010.2016
MinimumVisualStudioVersion = 10.0.40219.1
Project("{E53339B2-1760-4266-BCC7-CA923CBCF16C}") = "docker-compose", "docker-compose.dcproj", "{FEA0C318-FFED-4D39-8781-265718CA43DD}"
EndProject
Project("{2150E333-8FDC-42A3-9474-1A3956D46DE8}") = "src", "src", "{932D8224-11F6-4D07-B109-DA28AD288A63}"
EndProject
Project("{2150E333-8FDC-42A3-9474-1A3956D46DE8}") = "Solution Items", "Solution Items", "{3AF739CD-81D8-428D-A08A-0A58372DEBF6}"
	ProjectSection(SolutionItems) = preProject
		.env = .env
		Local.testsettings = Local.testsettings
		NuGet.config = NuGet.config
	EndProjectSection
EndProject
Project("{2150E333-8FDC-42A3-9474-1A3956D46DE8}") = "Services", "Services", "{91CF7717-08AB-4E65-B10E-0B426F01E2E8}"
EndProject
Project("{2150E333-8FDC-42A3-9474-1A3956D46DE8}") = "Web Apps", "Web Apps", "{E279BF0F-7F66-4F3A-A3AB-2CDA66C1CD04}"
EndProject
Project("{2150E333-8FDC-42A3-9474-1A3956D46DE8}") = "test", "test", "{A857AD10-40FF-4303-BEC2-FF1C58D5735E}"
EndProject
Project("{2150E333-8FDC-42A3-9474-1A3956D46DE8}") = "Identity", "Identity", "{24CD3B53-141E-4A07-9B0D-796641E1CF78}"
EndProject
Project("{9A19103F-16F7-4668-BE54-9A1E7A4F7556}") = "Identity.API", "src\Services\Identity\Identity.API\Identity.API.csproj", "{A579E108-5445-403D-A407-339AC4D1611B}"
EndProject
Project("{9A19103F-16F7-4668-BE54-9A1E7A4F7556}") = "WebSPA", "src\Web\WebSPA\WebSPA.csproj", "{F16E3C6A-1C94-4EAB-BE91-099618060B68}"
EndProject
Project("{2150E333-8FDC-42A3-9474-1A3956D46DE8}") = "BuildingBlocks", "BuildingBlocks", "{DB0EFB20-B024-4E5E-A75C-52143C131D25}"
EndProject
Project("{2150E333-8FDC-42A3-9474-1A3956D46DE8}") = "EventBus", "EventBus", "{807BB76E-B2BB-47A2-A57B-3D1B20FF5E7F}"
EndProject
Project("{9A19103F-16F7-4668-BE54-9A1E7A4F7556}") = "EventBus", "src\BuildingBlocks\EventBus\EventBus\EventBus.csproj", "{0044B293-1DCC-4224-B948-00CF6DC7F510}"
EndProject
Project("{9A19103F-16F7-4668-BE54-9A1E7A4F7556}") = "EventBusRabbitMQ", "src\BuildingBlocks\EventBus\EventBusRabbitMQ\EventBusRabbitMQ.csproj", "{8088F3FC-6787-45FA-A924-816EC81CBFAC}"
EndProject
Project("{9A19103F-16F7-4668-BE54-9A1E7A4F7556}") = "IntegrationEventLogEF", "src\BuildingBlocks\EventBus\IntegrationEventLogEF\IntegrationEventLogEF.csproj", "{9EE28E45-1533-472B-8267-56C48855BA0E}"
EndProject
Project("{2150E333-8FDC-42A3-9474-1A3956D46DE8}") = "HealthChecks", "HealthChecks", "{A81ECBC2-6B00-4DCD-8388-469174033379}"
EndProject
Project("{9A19103F-16F7-4668-BE54-9A1E7A4F7556}") = "Microsoft.Extensions.HealthChecks", "src\BuildingBlocks\HealthChecks\src\Microsoft.Extensions.HealthChecks\Microsoft.Extensions.HealthChecks.csproj", "{942ED6E8-0050-495F-A0EA-01E97F63760C}"
EndProject
Project("{9A19103F-16F7-4668-BE54-9A1E7A4F7556}") = "Microsoft.AspNetCore.HealthChecks", "src\BuildingBlocks\HealthChecks\src\Microsoft.AspNetCore.HealthChecks\Microsoft.AspNetCore.HealthChecks.csproj", "{22A0F9C1-2D4A-4107-95B7-8459E6688BC5}"
EndProject
Project("{9A19103F-16F7-4668-BE54-9A1E7A4F7556}") = "Microsoft.Extensions.HealthChecks.SqlServer", "src\BuildingBlocks\HealthChecks\src\Microsoft.Extensions.HealthChecks.SqlServer\Microsoft.Extensions.HealthChecks.SqlServer.csproj", "{4BD76717-3102-4969-8C2C-BAAA3F0263B6}"
EndProject
Project("{2150E333-8FDC-42A3-9474-1A3956D46DE8}") = "Agent", "Agent", "{41139F64-4046-4F16-96B7-D941D96FA9C6}"
EndProject
Project("{9A19103F-16F7-4668-BE54-9A1E7A4F7556}") = "EventBusServiceBus", "src\BuildingBlocks\EventBus\EventBusServiceBus\EventBusServiceBus.csproj", "{69AF10D3-AA76-4FF7-B187-EC7E8CC5F5B8}"
EndProject
Project("{9A19103F-16F7-4668-BE54-9A1E7A4F7556}") = "Microsoft.Extensions.HealthChecks.AzureStorage", "src\BuildingBlocks\HealthChecks\src\Microsoft.Extensions.HealthChecks.AzureStorage\Microsoft.Extensions.HealthChecks.AzureStorage.csproj", "{768C887F-C229-4B94-ACD8-0C7F65686524}"
EndProject
Project("{2150E333-8FDC-42A3-9474-1A3956D46DE8}") = "WebHost", "WebHost", "{1815B651-941C-466B-AE33-D1D7EEB8F77F}"
EndProject
Project("{9A19103F-16F7-4668-BE54-9A1E7A4F7556}") = "WebHost.Customization", "src\BuildingBlocks\WebHostCustomization\WebHost.Customization\WebHost.Customization.csproj", "{15F4B3AA-89B6-4A0D-9051-414305974781}"
EndProject
Project("{2150E333-8FDC-42A3-9474-1A3956D46DE8}") = "tests", "tests", "{C3F6ED48-E26D-4D57-970F-B82E69467BA1}"
EndProject
Project("{9A19103F-16F7-4668-BE54-9A1E7A4F7556}") = "Agent.API", "src\Services\Agent\Agent.API\Agent.API.csproj", "{457B2AC6-FA5A-4BF2-9384-FA6370B8E655}"
EndProject
Project("{2150E333-8FDC-42A3-9474-1A3956D46DE8}") = "Webhooks", "Webhooks", "{0B5E67E9-CB3D-4176-82B4-55BE0A545EF0}"
EndProject
Project("{9A19103F-16F7-4668-BE54-9A1E7A4F7556}") = "Cloudmailin.Webhook", "src\Webhooks\Cloudmailin\Cloudmailin.Webhook.csproj", "{6713B936-BA1F-4F3D-929E-31A350F8353E}"
EndProject
Project("{2150E333-8FDC-42A3-9474-1A3956D46DE8}") = "Contact", "Contact", "{AF958F46-AC05-46B6-B529-DBD41475E045}"
EndProject
Project("{9A19103F-16F7-4668-BE54-9A1E7A4F7556}") = "Contact.API", "src\Services\Contact\Contact.API\Contact.API.csproj", "{A9500901-16B7-4B5E-B3F1-00EC60F50F18}"
EndProject
Project("{9A19103F-16F7-4668-BE54-9A1E7A4F7556}") = "Contact.Domain", "src\Services\Contact\Contact.Domain\Contact.Domain.csproj", "{6A09C84A-2AA6-4DBC-BFF7-E62860741E20}"
EndProject
Project("{9A19103F-16F7-4668-BE54-9A1E7A4F7556}") = "WebStatus", "src\Web\WebStatus\WebStatus.csproj", "{C0F8F27D-0E98-49B2-8708-8BA720A1CAEA}"
EndProject
Project("{2150E333-8FDC-42A3-9474-1A3956D46DE8}") = "EmailSender", "EmailSender", "{C96CD64F-E97C-47EB-8169-8DB0C1A8B17B}"
EndProject
Project("{9A19103F-16F7-4668-BE54-9A1E7A4F7556}") = "SmtpService", "src\Services\Email\SmtpService\SmtpService.csproj", "{D96F1839-0518-4CAB-AAA0-E98DAADBEEBF}"
EndProject
Project("{9A19103F-16F7-4668-BE54-9A1E7A4F7556}") = "Agent.Domain", "src\Services\Agent\Agent.Domain\Agent.Domain.csproj", "{DC8A6606-7F6F-4E5D-B297-89F30E558A48}"
EndProject
Project("{9A19103F-16F7-4668-BE54-9A1E7A4F7556}") = "LeadsPlus.Core", "src\BuildingBlocks\Core\LeadsPlus.Core\LeadsPlus.Core.csproj", "{F896104E-1C21-4D95-B792-9D0000BFBD8B}"
EndProject
Project("{2150E333-8FDC-42A3-9474-1A3956D46DE8}") = "Core", "Core", "{1C4F3453-776F-42C9-B0A9-3EEA57EDE007}"
EndProject
Global
	GlobalSection(SolutionConfigurationPlatforms) = preSolution
		Ad-Hoc|Any CPU = Ad-Hoc|Any CPU
		Ad-Hoc|ARM = Ad-Hoc|ARM
		Ad-Hoc|iPhone = Ad-Hoc|iPhone
		Ad-Hoc|iPhoneSimulator = Ad-Hoc|iPhoneSimulator
		Ad-Hoc|x64 = Ad-Hoc|x64
		Ad-Hoc|x86 = Ad-Hoc|x86
		AppStore|Any CPU = AppStore|Any CPU
		AppStore|ARM = AppStore|ARM
		AppStore|iPhone = AppStore|iPhone
		AppStore|iPhoneSimulator = AppStore|iPhoneSimulator
		AppStore|x64 = AppStore|x64
		AppStore|x86 = AppStore|x86
		Debug|Any CPU = Debug|Any CPU
		Debug|ARM = Debug|ARM
		Debug|iPhone = Debug|iPhone
		Debug|iPhoneSimulator = Debug|iPhoneSimulator
		Debug|x64 = Debug|x64
		Debug|x86 = Debug|x86
		Release|Any CPU = Release|Any CPU
		Release|ARM = Release|ARM
		Release|iPhone = Release|iPhone
		Release|iPhoneSimulator = Release|iPhoneSimulator
		Release|x64 = Release|x64
		Release|x86 = Release|x86
	EndGlobalSection
	GlobalSection(ProjectConfigurationPlatforms) = postSolution
		{FEA0C318-FFED-4D39-8781-265718CA43DD}.Ad-Hoc|Any CPU.ActiveCfg = Debug|Any CPU
		{FEA0C318-FFED-4D39-8781-265718CA43DD}.Ad-Hoc|Any CPU.Build.0 = Debug|Any CPU
		{FEA0C318-FFED-4D39-8781-265718CA43DD}.Ad-Hoc|ARM.ActiveCfg = Debug|Any CPU
		{FEA0C318-FFED-4D39-8781-265718CA43DD}.Ad-Hoc|ARM.Build.0 = Debug|Any CPU
		{FEA0C318-FFED-4D39-8781-265718CA43DD}.Ad-Hoc|iPhone.ActiveCfg = Debug|Any CPU
		{FEA0C318-FFED-4D39-8781-265718CA43DD}.Ad-Hoc|iPhone.Build.0 = Debug|Any CPU
		{FEA0C318-FFED-4D39-8781-265718CA43DD}.Ad-Hoc|iPhoneSimulator.ActiveCfg = Debug|Any CPU
		{FEA0C318-FFED-4D39-8781-265718CA43DD}.Ad-Hoc|iPhoneSimulator.Build.0 = Debug|Any CPU
		{FEA0C318-FFED-4D39-8781-265718CA43DD}.Ad-Hoc|x64.ActiveCfg = Debug|Any CPU
		{FEA0C318-FFED-4D39-8781-265718CA43DD}.Ad-Hoc|x64.Build.0 = Debug|Any CPU
		{FEA0C318-FFED-4D39-8781-265718CA43DD}.Ad-Hoc|x86.ActiveCfg = Debug|Any CPU
		{FEA0C318-FFED-4D39-8781-265718CA43DD}.Ad-Hoc|x86.Build.0 = Debug|Any CPU
		{FEA0C318-FFED-4D39-8781-265718CA43DD}.AppStore|Any CPU.ActiveCfg = Debug|Any CPU
		{FEA0C318-FFED-4D39-8781-265718CA43DD}.AppStore|Any CPU.Build.0 = Debug|Any CPU
		{FEA0C318-FFED-4D39-8781-265718CA43DD}.AppStore|ARM.ActiveCfg = Debug|Any CPU
		{FEA0C318-FFED-4D39-8781-265718CA43DD}.AppStore|ARM.Build.0 = Debug|Any CPU
		{FEA0C318-FFED-4D39-8781-265718CA43DD}.AppStore|iPhone.ActiveCfg = Debug|Any CPU
		{FEA0C318-FFED-4D39-8781-265718CA43DD}.AppStore|iPhone.Build.0 = Debug|Any CPU
		{FEA0C318-FFED-4D39-8781-265718CA43DD}.AppStore|iPhoneSimulator.ActiveCfg = Debug|Any CPU
		{FEA0C318-FFED-4D39-8781-265718CA43DD}.AppStore|iPhoneSimulator.Build.0 = Debug|Any CPU
		{FEA0C318-FFED-4D39-8781-265718CA43DD}.AppStore|x64.ActiveCfg = Debug|Any CPU
		{FEA0C318-FFED-4D39-8781-265718CA43DD}.AppStore|x64.Build.0 = Debug|Any CPU
		{FEA0C318-FFED-4D39-8781-265718CA43DD}.AppStore|x86.ActiveCfg = Debug|Any CPU
		{FEA0C318-FFED-4D39-8781-265718CA43DD}.AppStore|x86.Build.0 = Debug|Any CPU
		{FEA0C318-FFED-4D39-8781-265718CA43DD}.Debug|Any CPU.ActiveCfg = Debug|Any CPU
		{FEA0C318-FFED-4D39-8781-265718CA43DD}.Debug|Any CPU.Build.0 = Debug|Any CPU
		{FEA0C318-FFED-4D39-8781-265718CA43DD}.Debug|ARM.ActiveCfg = Debug|Any CPU
		{FEA0C318-FFED-4D39-8781-265718CA43DD}.Debug|ARM.Build.0 = Debug|Any CPU
		{FEA0C318-FFED-4D39-8781-265718CA43DD}.Debug|iPhone.ActiveCfg = Debug|Any CPU
		{FEA0C318-FFED-4D39-8781-265718CA43DD}.Debug|iPhone.Build.0 = Debug|Any CPU
		{FEA0C318-FFED-4D39-8781-265718CA43DD}.Debug|iPhoneSimulator.ActiveCfg = Debug|Any CPU
		{FEA0C318-FFED-4D39-8781-265718CA43DD}.Debug|iPhoneSimulator.Build.0 = Debug|Any CPU
		{FEA0C318-FFED-4D39-8781-265718CA43DD}.Debug|x64.ActiveCfg = Debug|Any CPU
		{FEA0C318-FFED-4D39-8781-265718CA43DD}.Debug|x64.Build.0 = Debug|Any CPU
		{FEA0C318-FFED-4D39-8781-265718CA43DD}.Debug|x86.ActiveCfg = Debug|Any CPU
		{FEA0C318-FFED-4D39-8781-265718CA43DD}.Debug|x86.Build.0 = Debug|Any CPU
		{FEA0C318-FFED-4D39-8781-265718CA43DD}.Release|Any CPU.ActiveCfg = Release|Any CPU
		{FEA0C318-FFED-4D39-8781-265718CA43DD}.Release|Any CPU.Build.0 = Release|Any CPU
		{FEA0C318-FFED-4D39-8781-265718CA43DD}.Release|ARM.ActiveCfg = Release|Any CPU
		{FEA0C318-FFED-4D39-8781-265718CA43DD}.Release|ARM.Build.0 = Release|Any CPU
		{FEA0C318-FFED-4D39-8781-265718CA43DD}.Release|iPhone.ActiveCfg = Release|Any CPU
		{FEA0C318-FFED-4D39-8781-265718CA43DD}.Release|iPhone.Build.0 = Release|Any CPU
		{FEA0C318-FFED-4D39-8781-265718CA43DD}.Release|iPhoneSimulator.ActiveCfg = Release|Any CPU
		{FEA0C318-FFED-4D39-8781-265718CA43DD}.Release|iPhoneSimulator.Build.0 = Release|Any CPU
		{FEA0C318-FFED-4D39-8781-265718CA43DD}.Release|x64.ActiveCfg = Release|Any CPU
		{FEA0C318-FFED-4D39-8781-265718CA43DD}.Release|x64.Build.0 = Release|Any CPU
		{FEA0C318-FFED-4D39-8781-265718CA43DD}.Release|x86.ActiveCfg = Release|Any CPU
		{FEA0C318-FFED-4D39-8781-265718CA43DD}.Release|x86.Build.0 = Release|Any CPU
		{A579E108-5445-403D-A407-339AC4D1611B}.Ad-Hoc|Any CPU.ActiveCfg = Debug|Any CPU
		{A579E108-5445-403D-A407-339AC4D1611B}.Ad-Hoc|Any CPU.Build.0 = Debug|Any CPU
		{A579E108-5445-403D-A407-339AC4D1611B}.Ad-Hoc|ARM.ActiveCfg = Debug|Any CPU
		{A579E108-5445-403D-A407-339AC4D1611B}.Ad-Hoc|ARM.Build.0 = Debug|Any CPU
		{A579E108-5445-403D-A407-339AC4D1611B}.Ad-Hoc|iPhone.ActiveCfg = Debug|Any CPU
		{A579E108-5445-403D-A407-339AC4D1611B}.Ad-Hoc|iPhone.Build.0 = Debug|Any CPU
		{A579E108-5445-403D-A407-339AC4D1611B}.Ad-Hoc|iPhoneSimulator.ActiveCfg = Debug|Any CPU
		{A579E108-5445-403D-A407-339AC4D1611B}.Ad-Hoc|iPhoneSimulator.Build.0 = Debug|Any CPU
		{A579E108-5445-403D-A407-339AC4D1611B}.Ad-Hoc|x64.ActiveCfg = Debug|Any CPU
		{A579E108-5445-403D-A407-339AC4D1611B}.Ad-Hoc|x64.Build.0 = Debug|Any CPU
		{A579E108-5445-403D-A407-339AC4D1611B}.Ad-Hoc|x86.ActiveCfg = Debug|Any CPU
		{A579E108-5445-403D-A407-339AC4D1611B}.Ad-Hoc|x86.Build.0 = Debug|Any CPU
		{A579E108-5445-403D-A407-339AC4D1611B}.AppStore|Any CPU.ActiveCfg = Debug|Any CPU
		{A579E108-5445-403D-A407-339AC4D1611B}.AppStore|Any CPU.Build.0 = Debug|Any CPU
		{A579E108-5445-403D-A407-339AC4D1611B}.AppStore|ARM.ActiveCfg = Debug|Any CPU
		{A579E108-5445-403D-A407-339AC4D1611B}.AppStore|ARM.Build.0 = Debug|Any CPU
		{A579E108-5445-403D-A407-339AC4D1611B}.AppStore|iPhone.ActiveCfg = Debug|Any CPU
		{A579E108-5445-403D-A407-339AC4D1611B}.AppStore|iPhone.Build.0 = Debug|Any CPU
		{A579E108-5445-403D-A407-339AC4D1611B}.AppStore|iPhoneSimulator.ActiveCfg = Debug|Any CPU
		{A579E108-5445-403D-A407-339AC4D1611B}.AppStore|iPhoneSimulator.Build.0 = Debug|Any CPU
		{A579E108-5445-403D-A407-339AC4D1611B}.AppStore|x64.ActiveCfg = Debug|Any CPU
		{A579E108-5445-403D-A407-339AC4D1611B}.AppStore|x64.Build.0 = Debug|Any CPU
		{A579E108-5445-403D-A407-339AC4D1611B}.AppStore|x86.ActiveCfg = Debug|Any CPU
		{A579E108-5445-403D-A407-339AC4D1611B}.AppStore|x86.Build.0 = Debug|Any CPU
		{A579E108-5445-403D-A407-339AC4D1611B}.Debug|Any CPU.ActiveCfg = Debug|Any CPU
		{A579E108-5445-403D-A407-339AC4D1611B}.Debug|Any CPU.Build.0 = Debug|Any CPU
		{A579E108-5445-403D-A407-339AC4D1611B}.Debug|ARM.ActiveCfg = Debug|Any CPU
		{A579E108-5445-403D-A407-339AC4D1611B}.Debug|ARM.Build.0 = Debug|Any CPU
		{A579E108-5445-403D-A407-339AC4D1611B}.Debug|iPhone.ActiveCfg = Debug|Any CPU
		{A579E108-5445-403D-A407-339AC4D1611B}.Debug|iPhone.Build.0 = Debug|Any CPU
		{A579E108-5445-403D-A407-339AC4D1611B}.Debug|iPhoneSimulator.ActiveCfg = Debug|Any CPU
		{A579E108-5445-403D-A407-339AC4D1611B}.Debug|iPhoneSimulator.Build.0 = Debug|Any CPU
		{A579E108-5445-403D-A407-339AC4D1611B}.Debug|x64.ActiveCfg = Debug|Any CPU
		{A579E108-5445-403D-A407-339AC4D1611B}.Debug|x64.Build.0 = Debug|Any CPU
		{A579E108-5445-403D-A407-339AC4D1611B}.Debug|x86.ActiveCfg = Debug|Any CPU
		{A579E108-5445-403D-A407-339AC4D1611B}.Debug|x86.Build.0 = Debug|Any CPU
		{A579E108-5445-403D-A407-339AC4D1611B}.Release|Any CPU.ActiveCfg = Release|Any CPU
		{A579E108-5445-403D-A407-339AC4D1611B}.Release|Any CPU.Build.0 = Release|Any CPU
		{A579E108-5445-403D-A407-339AC4D1611B}.Release|ARM.ActiveCfg = Release|Any CPU
		{A579E108-5445-403D-A407-339AC4D1611B}.Release|ARM.Build.0 = Release|Any CPU
		{A579E108-5445-403D-A407-339AC4D1611B}.Release|iPhone.ActiveCfg = Release|Any CPU
		{A579E108-5445-403D-A407-339AC4D1611B}.Release|iPhone.Build.0 = Release|Any CPU
		{A579E108-5445-403D-A407-339AC4D1611B}.Release|iPhoneSimulator.ActiveCfg = Release|Any CPU
		{A579E108-5445-403D-A407-339AC4D1611B}.Release|iPhoneSimulator.Build.0 = Release|Any CPU
		{A579E108-5445-403D-A407-339AC4D1611B}.Release|x64.ActiveCfg = Release|Any CPU
		{A579E108-5445-403D-A407-339AC4D1611B}.Release|x64.Build.0 = Release|Any CPU
		{A579E108-5445-403D-A407-339AC4D1611B}.Release|x86.ActiveCfg = Release|Any CPU
		{A579E108-5445-403D-A407-339AC4D1611B}.Release|x86.Build.0 = Release|Any CPU
		{F16E3C6A-1C94-4EAB-BE91-099618060B68}.Ad-Hoc|Any CPU.ActiveCfg = Debug|Any CPU
		{F16E3C6A-1C94-4EAB-BE91-099618060B68}.Ad-Hoc|Any CPU.Build.0 = Debug|Any CPU
		{F16E3C6A-1C94-4EAB-BE91-099618060B68}.Ad-Hoc|ARM.ActiveCfg = Debug|Any CPU
		{F16E3C6A-1C94-4EAB-BE91-099618060B68}.Ad-Hoc|ARM.Build.0 = Debug|Any CPU
		{F16E3C6A-1C94-4EAB-BE91-099618060B68}.Ad-Hoc|iPhone.ActiveCfg = Debug|Any CPU
		{F16E3C6A-1C94-4EAB-BE91-099618060B68}.Ad-Hoc|iPhone.Build.0 = Debug|Any CPU
		{F16E3C6A-1C94-4EAB-BE91-099618060B68}.Ad-Hoc|iPhoneSimulator.ActiveCfg = Debug|Any CPU
		{F16E3C6A-1C94-4EAB-BE91-099618060B68}.Ad-Hoc|iPhoneSimulator.Build.0 = Debug|Any CPU
		{F16E3C6A-1C94-4EAB-BE91-099618060B68}.Ad-Hoc|x64.ActiveCfg = Release|Any CPU
		{F16E3C6A-1C94-4EAB-BE91-099618060B68}.Ad-Hoc|x64.Build.0 = Release|Any CPU
		{F16E3C6A-1C94-4EAB-BE91-099618060B68}.Ad-Hoc|x86.ActiveCfg = Release|Any CPU
		{F16E3C6A-1C94-4EAB-BE91-099618060B68}.Ad-Hoc|x86.Build.0 = Release|Any CPU
		{F16E3C6A-1C94-4EAB-BE91-099618060B68}.AppStore|Any CPU.ActiveCfg = Debug|Any CPU
		{F16E3C6A-1C94-4EAB-BE91-099618060B68}.AppStore|Any CPU.Build.0 = Debug|Any CPU
		{F16E3C6A-1C94-4EAB-BE91-099618060B68}.AppStore|ARM.ActiveCfg = Debug|Any CPU
		{F16E3C6A-1C94-4EAB-BE91-099618060B68}.AppStore|ARM.Build.0 = Debug|Any CPU
		{F16E3C6A-1C94-4EAB-BE91-099618060B68}.AppStore|iPhone.ActiveCfg = Debug|Any CPU
		{F16E3C6A-1C94-4EAB-BE91-099618060B68}.AppStore|iPhone.Build.0 = Debug|Any CPU
		{F16E3C6A-1C94-4EAB-BE91-099618060B68}.AppStore|iPhoneSimulator.ActiveCfg = Debug|Any CPU
		{F16E3C6A-1C94-4EAB-BE91-099618060B68}.AppStore|iPhoneSimulator.Build.0 = Debug|Any CPU
		{F16E3C6A-1C94-4EAB-BE91-099618060B68}.AppStore|x64.ActiveCfg = Release|Any CPU
		{F16E3C6A-1C94-4EAB-BE91-099618060B68}.AppStore|x64.Build.0 = Release|Any CPU
		{F16E3C6A-1C94-4EAB-BE91-099618060B68}.AppStore|x86.ActiveCfg = Release|Any CPU
		{F16E3C6A-1C94-4EAB-BE91-099618060B68}.AppStore|x86.Build.0 = Release|Any CPU
		{F16E3C6A-1C94-4EAB-BE91-099618060B68}.Debug|Any CPU.ActiveCfg = Debug|Any CPU
		{F16E3C6A-1C94-4EAB-BE91-099618060B68}.Debug|Any CPU.Build.0 = Debug|Any CPU
		{F16E3C6A-1C94-4EAB-BE91-099618060B68}.Debug|ARM.ActiveCfg = Debug|Any CPU
		{F16E3C6A-1C94-4EAB-BE91-099618060B68}.Debug|ARM.Build.0 = Debug|Any CPU
		{F16E3C6A-1C94-4EAB-BE91-099618060B68}.Debug|iPhone.ActiveCfg = Debug|Any CPU
		{F16E3C6A-1C94-4EAB-BE91-099618060B68}.Debug|iPhone.Build.0 = Debug|Any CPU
		{F16E3C6A-1C94-4EAB-BE91-099618060B68}.Debug|iPhoneSimulator.ActiveCfg = Debug|Any CPU
		{F16E3C6A-1C94-4EAB-BE91-099618060B68}.Debug|iPhoneSimulator.Build.0 = Debug|Any CPU
		{F16E3C6A-1C94-4EAB-BE91-099618060B68}.Debug|x64.ActiveCfg = Debug|Any CPU
		{F16E3C6A-1C94-4EAB-BE91-099618060B68}.Debug|x64.Build.0 = Debug|Any CPU
		{F16E3C6A-1C94-4EAB-BE91-099618060B68}.Debug|x86.ActiveCfg = Debug|Any CPU
		{F16E3C6A-1C94-4EAB-BE91-099618060B68}.Debug|x86.Build.0 = Debug|Any CPU
		{F16E3C6A-1C94-4EAB-BE91-099618060B68}.Release|Any CPU.ActiveCfg = Release|Any CPU
		{F16E3C6A-1C94-4EAB-BE91-099618060B68}.Release|Any CPU.Build.0 = Release|Any CPU
		{F16E3C6A-1C94-4EAB-BE91-099618060B68}.Release|ARM.ActiveCfg = Release|Any CPU
		{F16E3C6A-1C94-4EAB-BE91-099618060B68}.Release|ARM.Build.0 = Release|Any CPU
		{F16E3C6A-1C94-4EAB-BE91-099618060B68}.Release|iPhone.ActiveCfg = Release|Any CPU
		{F16E3C6A-1C94-4EAB-BE91-099618060B68}.Release|iPhone.Build.0 = Release|Any CPU
		{F16E3C6A-1C94-4EAB-BE91-099618060B68}.Release|iPhoneSimulator.ActiveCfg = Release|Any CPU
		{F16E3C6A-1C94-4EAB-BE91-099618060B68}.Release|iPhoneSimulator.Build.0 = Release|Any CPU
		{F16E3C6A-1C94-4EAB-BE91-099618060B68}.Release|x64.ActiveCfg = Release|Any CPU
		{F16E3C6A-1C94-4EAB-BE91-099618060B68}.Release|x64.Build.0 = Release|Any CPU
		{F16E3C6A-1C94-4EAB-BE91-099618060B68}.Release|x86.ActiveCfg = Release|Any CPU
		{F16E3C6A-1C94-4EAB-BE91-099618060B68}.Release|x86.Build.0 = Release|Any CPU
		{0044B293-1DCC-4224-B948-00CF6DC7F510}.Ad-Hoc|Any CPU.ActiveCfg = Debug|Any CPU
		{0044B293-1DCC-4224-B948-00CF6DC7F510}.Ad-Hoc|Any CPU.Build.0 = Debug|Any CPU
		{0044B293-1DCC-4224-B948-00CF6DC7F510}.Ad-Hoc|ARM.ActiveCfg = Debug|Any CPU
		{0044B293-1DCC-4224-B948-00CF6DC7F510}.Ad-Hoc|ARM.Build.0 = Debug|Any CPU
		{0044B293-1DCC-4224-B948-00CF6DC7F510}.Ad-Hoc|iPhone.ActiveCfg = Debug|Any CPU
		{0044B293-1DCC-4224-B948-00CF6DC7F510}.Ad-Hoc|iPhone.Build.0 = Debug|Any CPU
		{0044B293-1DCC-4224-B948-00CF6DC7F510}.Ad-Hoc|iPhoneSimulator.ActiveCfg = Debug|Any CPU
		{0044B293-1DCC-4224-B948-00CF6DC7F510}.Ad-Hoc|iPhoneSimulator.Build.0 = Debug|Any CPU
		{0044B293-1DCC-4224-B948-00CF6DC7F510}.Ad-Hoc|x64.ActiveCfg = Debug|Any CPU
		{0044B293-1DCC-4224-B948-00CF6DC7F510}.Ad-Hoc|x64.Build.0 = Debug|Any CPU
		{0044B293-1DCC-4224-B948-00CF6DC7F510}.Ad-Hoc|x86.ActiveCfg = Debug|Any CPU
		{0044B293-1DCC-4224-B948-00CF6DC7F510}.Ad-Hoc|x86.Build.0 = Debug|Any CPU
		{0044B293-1DCC-4224-B948-00CF6DC7F510}.AppStore|Any CPU.ActiveCfg = Debug|Any CPU
		{0044B293-1DCC-4224-B948-00CF6DC7F510}.AppStore|Any CPU.Build.0 = Debug|Any CPU
		{0044B293-1DCC-4224-B948-00CF6DC7F510}.AppStore|ARM.ActiveCfg = Debug|Any CPU
		{0044B293-1DCC-4224-B948-00CF6DC7F510}.AppStore|ARM.Build.0 = Debug|Any CPU
		{0044B293-1DCC-4224-B948-00CF6DC7F510}.AppStore|iPhone.ActiveCfg = Debug|Any CPU
		{0044B293-1DCC-4224-B948-00CF6DC7F510}.AppStore|iPhone.Build.0 = Debug|Any CPU
		{0044B293-1DCC-4224-B948-00CF6DC7F510}.AppStore|iPhoneSimulator.ActiveCfg = Debug|Any CPU
		{0044B293-1DCC-4224-B948-00CF6DC7F510}.AppStore|iPhoneSimulator.Build.0 = Debug|Any CPU
		{0044B293-1DCC-4224-B948-00CF6DC7F510}.AppStore|x64.ActiveCfg = Debug|Any CPU
		{0044B293-1DCC-4224-B948-00CF6DC7F510}.AppStore|x64.Build.0 = Debug|Any CPU
		{0044B293-1DCC-4224-B948-00CF6DC7F510}.AppStore|x86.ActiveCfg = Debug|Any CPU
		{0044B293-1DCC-4224-B948-00CF6DC7F510}.AppStore|x86.Build.0 = Debug|Any CPU
		{0044B293-1DCC-4224-B948-00CF6DC7F510}.Debug|Any CPU.ActiveCfg = Debug|Any CPU
		{0044B293-1DCC-4224-B948-00CF6DC7F510}.Debug|Any CPU.Build.0 = Debug|Any CPU
		{0044B293-1DCC-4224-B948-00CF6DC7F510}.Debug|ARM.ActiveCfg = Debug|Any CPU
		{0044B293-1DCC-4224-B948-00CF6DC7F510}.Debug|ARM.Build.0 = Debug|Any CPU
		{0044B293-1DCC-4224-B948-00CF6DC7F510}.Debug|iPhone.ActiveCfg = Debug|Any CPU
		{0044B293-1DCC-4224-B948-00CF6DC7F510}.Debug|iPhone.Build.0 = Debug|Any CPU
		{0044B293-1DCC-4224-B948-00CF6DC7F510}.Debug|iPhoneSimulator.ActiveCfg = Debug|Any CPU
		{0044B293-1DCC-4224-B948-00CF6DC7F510}.Debug|iPhoneSimulator.Build.0 = Debug|Any CPU
		{0044B293-1DCC-4224-B948-00CF6DC7F510}.Debug|x64.ActiveCfg = Debug|Any CPU
		{0044B293-1DCC-4224-B948-00CF6DC7F510}.Debug|x64.Build.0 = Debug|Any CPU
		{0044B293-1DCC-4224-B948-00CF6DC7F510}.Debug|x86.ActiveCfg = Debug|Any CPU
		{0044B293-1DCC-4224-B948-00CF6DC7F510}.Debug|x86.Build.0 = Debug|Any CPU
		{0044B293-1DCC-4224-B948-00CF6DC7F510}.Release|Any CPU.ActiveCfg = Release|Any CPU
		{0044B293-1DCC-4224-B948-00CF6DC7F510}.Release|Any CPU.Build.0 = Release|Any CPU
		{0044B293-1DCC-4224-B948-00CF6DC7F510}.Release|ARM.ActiveCfg = Release|Any CPU
		{0044B293-1DCC-4224-B948-00CF6DC7F510}.Release|ARM.Build.0 = Release|Any CPU
		{0044B293-1DCC-4224-B948-00CF6DC7F510}.Release|iPhone.ActiveCfg = Release|Any CPU
		{0044B293-1DCC-4224-B948-00CF6DC7F510}.Release|iPhone.Build.0 = Release|Any CPU
		{0044B293-1DCC-4224-B948-00CF6DC7F510}.Release|iPhoneSimulator.ActiveCfg = Release|Any CPU
		{0044B293-1DCC-4224-B948-00CF6DC7F510}.Release|iPhoneSimulator.Build.0 = Release|Any CPU
		{0044B293-1DCC-4224-B948-00CF6DC7F510}.Release|x64.ActiveCfg = Release|Any CPU
		{0044B293-1DCC-4224-B948-00CF6DC7F510}.Release|x64.Build.0 = Release|Any CPU
		{0044B293-1DCC-4224-B948-00CF6DC7F510}.Release|x86.ActiveCfg = Release|Any CPU
		{0044B293-1DCC-4224-B948-00CF6DC7F510}.Release|x86.Build.0 = Release|Any CPU
		{8088F3FC-6787-45FA-A924-816EC81CBFAC}.Ad-Hoc|Any CPU.ActiveCfg = Debug|Any CPU
		{8088F3FC-6787-45FA-A924-816EC81CBFAC}.Ad-Hoc|Any CPU.Build.0 = Debug|Any CPU
		{8088F3FC-6787-45FA-A924-816EC81CBFAC}.Ad-Hoc|ARM.ActiveCfg = Debug|Any CPU
		{8088F3FC-6787-45FA-A924-816EC81CBFAC}.Ad-Hoc|ARM.Build.0 = Debug|Any CPU
		{8088F3FC-6787-45FA-A924-816EC81CBFAC}.Ad-Hoc|iPhone.ActiveCfg = Debug|Any CPU
		{8088F3FC-6787-45FA-A924-816EC81CBFAC}.Ad-Hoc|iPhone.Build.0 = Debug|Any CPU
		{8088F3FC-6787-45FA-A924-816EC81CBFAC}.Ad-Hoc|iPhoneSimulator.ActiveCfg = Debug|Any CPU
		{8088F3FC-6787-45FA-A924-816EC81CBFAC}.Ad-Hoc|iPhoneSimulator.Build.0 = Debug|Any CPU
		{8088F3FC-6787-45FA-A924-816EC81CBFAC}.Ad-Hoc|x64.ActiveCfg = Debug|Any CPU
		{8088F3FC-6787-45FA-A924-816EC81CBFAC}.Ad-Hoc|x64.Build.0 = Debug|Any CPU
		{8088F3FC-6787-45FA-A924-816EC81CBFAC}.Ad-Hoc|x86.ActiveCfg = Debug|Any CPU
		{8088F3FC-6787-45FA-A924-816EC81CBFAC}.Ad-Hoc|x86.Build.0 = Debug|Any CPU
		{8088F3FC-6787-45FA-A924-816EC81CBFAC}.AppStore|Any CPU.ActiveCfg = Debug|Any CPU
		{8088F3FC-6787-45FA-A924-816EC81CBFAC}.AppStore|Any CPU.Build.0 = Debug|Any CPU
		{8088F3FC-6787-45FA-A924-816EC81CBFAC}.AppStore|ARM.ActiveCfg = Debug|Any CPU
		{8088F3FC-6787-45FA-A924-816EC81CBFAC}.AppStore|ARM.Build.0 = Debug|Any CPU
		{8088F3FC-6787-45FA-A924-816EC81CBFAC}.AppStore|iPhone.ActiveCfg = Debug|Any CPU
		{8088F3FC-6787-45FA-A924-816EC81CBFAC}.AppStore|iPhone.Build.0 = Debug|Any CPU
		{8088F3FC-6787-45FA-A924-816EC81CBFAC}.AppStore|iPhoneSimulator.ActiveCfg = Debug|Any CPU
		{8088F3FC-6787-45FA-A924-816EC81CBFAC}.AppStore|iPhoneSimulator.Build.0 = Debug|Any CPU
		{8088F3FC-6787-45FA-A924-816EC81CBFAC}.AppStore|x64.ActiveCfg = Debug|Any CPU
		{8088F3FC-6787-45FA-A924-816EC81CBFAC}.AppStore|x64.Build.0 = Debug|Any CPU
		{8088F3FC-6787-45FA-A924-816EC81CBFAC}.AppStore|x86.ActiveCfg = Debug|Any CPU
		{8088F3FC-6787-45FA-A924-816EC81CBFAC}.AppStore|x86.Build.0 = Debug|Any CPU
		{8088F3FC-6787-45FA-A924-816EC81CBFAC}.Debug|Any CPU.ActiveCfg = Debug|Any CPU
		{8088F3FC-6787-45FA-A924-816EC81CBFAC}.Debug|Any CPU.Build.0 = Debug|Any CPU
		{8088F3FC-6787-45FA-A924-816EC81CBFAC}.Debug|ARM.ActiveCfg = Debug|Any CPU
		{8088F3FC-6787-45FA-A924-816EC81CBFAC}.Debug|ARM.Build.0 = Debug|Any CPU
		{8088F3FC-6787-45FA-A924-816EC81CBFAC}.Debug|iPhone.ActiveCfg = Debug|Any CPU
		{8088F3FC-6787-45FA-A924-816EC81CBFAC}.Debug|iPhone.Build.0 = Debug|Any CPU
		{8088F3FC-6787-45FA-A924-816EC81CBFAC}.Debug|iPhoneSimulator.ActiveCfg = Debug|Any CPU
		{8088F3FC-6787-45FA-A924-816EC81CBFAC}.Debug|iPhoneSimulator.Build.0 = Debug|Any CPU
		{8088F3FC-6787-45FA-A924-816EC81CBFAC}.Debug|x64.ActiveCfg = Debug|Any CPU
		{8088F3FC-6787-45FA-A924-816EC81CBFAC}.Debug|x64.Build.0 = Debug|Any CPU
		{8088F3FC-6787-45FA-A924-816EC81CBFAC}.Debug|x86.ActiveCfg = Debug|Any CPU
		{8088F3FC-6787-45FA-A924-816EC81CBFAC}.Debug|x86.Build.0 = Debug|Any CPU
		{8088F3FC-6787-45FA-A924-816EC81CBFAC}.Release|Any CPU.ActiveCfg = Release|Any CPU
		{8088F3FC-6787-45FA-A924-816EC81CBFAC}.Release|Any CPU.Build.0 = Release|Any CPU
		{8088F3FC-6787-45FA-A924-816EC81CBFAC}.Release|ARM.ActiveCfg = Release|Any CPU
		{8088F3FC-6787-45FA-A924-816EC81CBFAC}.Release|ARM.Build.0 = Release|Any CPU
		{8088F3FC-6787-45FA-A924-816EC81CBFAC}.Release|iPhone.ActiveCfg = Release|Any CPU
		{8088F3FC-6787-45FA-A924-816EC81CBFAC}.Release|iPhone.Build.0 = Release|Any CPU
		{8088F3FC-6787-45FA-A924-816EC81CBFAC}.Release|iPhoneSimulator.ActiveCfg = Release|Any CPU
		{8088F3FC-6787-45FA-A924-816EC81CBFAC}.Release|iPhoneSimulator.Build.0 = Release|Any CPU
		{8088F3FC-6787-45FA-A924-816EC81CBFAC}.Release|x64.ActiveCfg = Release|Any CPU
		{8088F3FC-6787-45FA-A924-816EC81CBFAC}.Release|x64.Build.0 = Release|Any CPU
		{8088F3FC-6787-45FA-A924-816EC81CBFAC}.Release|x86.ActiveCfg = Release|Any CPU
		{8088F3FC-6787-45FA-A924-816EC81CBFAC}.Release|x86.Build.0 = Release|Any CPU
		{9EE28E45-1533-472B-8267-56C48855BA0E}.Ad-Hoc|Any CPU.ActiveCfg = Debug|Any CPU
		{9EE28E45-1533-472B-8267-56C48855BA0E}.Ad-Hoc|Any CPU.Build.0 = Debug|Any CPU
		{9EE28E45-1533-472B-8267-56C48855BA0E}.Ad-Hoc|ARM.ActiveCfg = Debug|Any CPU
		{9EE28E45-1533-472B-8267-56C48855BA0E}.Ad-Hoc|ARM.Build.0 = Debug|Any CPU
		{9EE28E45-1533-472B-8267-56C48855BA0E}.Ad-Hoc|iPhone.ActiveCfg = Debug|Any CPU
		{9EE28E45-1533-472B-8267-56C48855BA0E}.Ad-Hoc|iPhone.Build.0 = Debug|Any CPU
		{9EE28E45-1533-472B-8267-56C48855BA0E}.Ad-Hoc|iPhoneSimulator.ActiveCfg = Debug|Any CPU
		{9EE28E45-1533-472B-8267-56C48855BA0E}.Ad-Hoc|iPhoneSimulator.Build.0 = Debug|Any CPU
		{9EE28E45-1533-472B-8267-56C48855BA0E}.Ad-Hoc|x64.ActiveCfg = Debug|Any CPU
		{9EE28E45-1533-472B-8267-56C48855BA0E}.Ad-Hoc|x64.Build.0 = Debug|Any CPU
		{9EE28E45-1533-472B-8267-56C48855BA0E}.Ad-Hoc|x86.ActiveCfg = Debug|Any CPU
		{9EE28E45-1533-472B-8267-56C48855BA0E}.Ad-Hoc|x86.Build.0 = Debug|Any CPU
		{9EE28E45-1533-472B-8267-56C48855BA0E}.AppStore|Any CPU.ActiveCfg = Debug|Any CPU
		{9EE28E45-1533-472B-8267-56C48855BA0E}.AppStore|Any CPU.Build.0 = Debug|Any CPU
		{9EE28E45-1533-472B-8267-56C48855BA0E}.AppStore|ARM.ActiveCfg = Debug|Any CPU
		{9EE28E45-1533-472B-8267-56C48855BA0E}.AppStore|ARM.Build.0 = Debug|Any CPU
		{9EE28E45-1533-472B-8267-56C48855BA0E}.AppStore|iPhone.ActiveCfg = Debug|Any CPU
		{9EE28E45-1533-472B-8267-56C48855BA0E}.AppStore|iPhone.Build.0 = Debug|Any CPU
		{9EE28E45-1533-472B-8267-56C48855BA0E}.AppStore|iPhoneSimulator.ActiveCfg = Debug|Any CPU
		{9EE28E45-1533-472B-8267-56C48855BA0E}.AppStore|iPhoneSimulator.Build.0 = Debug|Any CPU
		{9EE28E45-1533-472B-8267-56C48855BA0E}.AppStore|x64.ActiveCfg = Debug|Any CPU
		{9EE28E45-1533-472B-8267-56C48855BA0E}.AppStore|x64.Build.0 = Debug|Any CPU
		{9EE28E45-1533-472B-8267-56C48855BA0E}.AppStore|x86.ActiveCfg = Debug|Any CPU
		{9EE28E45-1533-472B-8267-56C48855BA0E}.AppStore|x86.Build.0 = Debug|Any CPU
		{9EE28E45-1533-472B-8267-56C48855BA0E}.Debug|Any CPU.ActiveCfg = Debug|Any CPU
		{9EE28E45-1533-472B-8267-56C48855BA0E}.Debug|Any CPU.Build.0 = Debug|Any CPU
		{9EE28E45-1533-472B-8267-56C48855BA0E}.Debug|ARM.ActiveCfg = Debug|Any CPU
		{9EE28E45-1533-472B-8267-56C48855BA0E}.Debug|ARM.Build.0 = Debug|Any CPU
		{9EE28E45-1533-472B-8267-56C48855BA0E}.Debug|iPhone.ActiveCfg = Debug|Any CPU
		{9EE28E45-1533-472B-8267-56C48855BA0E}.Debug|iPhone.Build.0 = Debug|Any CPU
		{9EE28E45-1533-472B-8267-56C48855BA0E}.Debug|iPhoneSimulator.ActiveCfg = Debug|Any CPU
		{9EE28E45-1533-472B-8267-56C48855BA0E}.Debug|iPhoneSimulator.Build.0 = Debug|Any CPU
		{9EE28E45-1533-472B-8267-56C48855BA0E}.Debug|x64.ActiveCfg = Debug|Any CPU
		{9EE28E45-1533-472B-8267-56C48855BA0E}.Debug|x64.Build.0 = Debug|Any CPU
		{9EE28E45-1533-472B-8267-56C48855BA0E}.Debug|x86.ActiveCfg = Debug|Any CPU
		{9EE28E45-1533-472B-8267-56C48855BA0E}.Debug|x86.Build.0 = Debug|Any CPU
		{9EE28E45-1533-472B-8267-56C48855BA0E}.Release|Any CPU.ActiveCfg = Release|Any CPU
		{9EE28E45-1533-472B-8267-56C48855BA0E}.Release|Any CPU.Build.0 = Release|Any CPU
		{9EE28E45-1533-472B-8267-56C48855BA0E}.Release|ARM.ActiveCfg = Release|Any CPU
		{9EE28E45-1533-472B-8267-56C48855BA0E}.Release|ARM.Build.0 = Release|Any CPU
		{9EE28E45-1533-472B-8267-56C48855BA0E}.Release|iPhone.ActiveCfg = Release|Any CPU
		{9EE28E45-1533-472B-8267-56C48855BA0E}.Release|iPhone.Build.0 = Release|Any CPU
		{9EE28E45-1533-472B-8267-56C48855BA0E}.Release|iPhoneSimulator.ActiveCfg = Release|Any CPU
		{9EE28E45-1533-472B-8267-56C48855BA0E}.Release|iPhoneSimulator.Build.0 = Release|Any CPU
		{9EE28E45-1533-472B-8267-56C48855BA0E}.Release|x64.ActiveCfg = Release|Any CPU
		{9EE28E45-1533-472B-8267-56C48855BA0E}.Release|x64.Build.0 = Release|Any CPU
		{9EE28E45-1533-472B-8267-56C48855BA0E}.Release|x86.ActiveCfg = Release|Any CPU
		{9EE28E45-1533-472B-8267-56C48855BA0E}.Release|x86.Build.0 = Release|Any CPU
		{942ED6E8-0050-495F-A0EA-01E97F63760C}.Ad-Hoc|Any CPU.ActiveCfg = Debug|Any CPU
		{942ED6E8-0050-495F-A0EA-01E97F63760C}.Ad-Hoc|Any CPU.Build.0 = Debug|Any CPU
		{942ED6E8-0050-495F-A0EA-01E97F63760C}.Ad-Hoc|ARM.ActiveCfg = Debug|Any CPU
		{942ED6E8-0050-495F-A0EA-01E97F63760C}.Ad-Hoc|ARM.Build.0 = Debug|Any CPU
		{942ED6E8-0050-495F-A0EA-01E97F63760C}.Ad-Hoc|iPhone.ActiveCfg = Debug|Any CPU
		{942ED6E8-0050-495F-A0EA-01E97F63760C}.Ad-Hoc|iPhone.Build.0 = Debug|Any CPU
		{942ED6E8-0050-495F-A0EA-01E97F63760C}.Ad-Hoc|iPhoneSimulator.ActiveCfg = Debug|Any CPU
		{942ED6E8-0050-495F-A0EA-01E97F63760C}.Ad-Hoc|iPhoneSimulator.Build.0 = Debug|Any CPU
		{942ED6E8-0050-495F-A0EA-01E97F63760C}.Ad-Hoc|x64.ActiveCfg = Debug|Any CPU
		{942ED6E8-0050-495F-A0EA-01E97F63760C}.Ad-Hoc|x64.Build.0 = Debug|Any CPU
		{942ED6E8-0050-495F-A0EA-01E97F63760C}.Ad-Hoc|x86.ActiveCfg = Debug|Any CPU
		{942ED6E8-0050-495F-A0EA-01E97F63760C}.Ad-Hoc|x86.Build.0 = Debug|Any CPU
		{942ED6E8-0050-495F-A0EA-01E97F63760C}.AppStore|Any CPU.ActiveCfg = Debug|Any CPU
		{942ED6E8-0050-495F-A0EA-01E97F63760C}.AppStore|Any CPU.Build.0 = Debug|Any CPU
		{942ED6E8-0050-495F-A0EA-01E97F63760C}.AppStore|ARM.ActiveCfg = Debug|Any CPU
		{942ED6E8-0050-495F-A0EA-01E97F63760C}.AppStore|ARM.Build.0 = Debug|Any CPU
		{942ED6E8-0050-495F-A0EA-01E97F63760C}.AppStore|iPhone.ActiveCfg = Debug|Any CPU
		{942ED6E8-0050-495F-A0EA-01E97F63760C}.AppStore|iPhone.Build.0 = Debug|Any CPU
		{942ED6E8-0050-495F-A0EA-01E97F63760C}.AppStore|iPhoneSimulator.ActiveCfg = Debug|Any CPU
		{942ED6E8-0050-495F-A0EA-01E97F63760C}.AppStore|iPhoneSimulator.Build.0 = Debug|Any CPU
		{942ED6E8-0050-495F-A0EA-01E97F63760C}.AppStore|x64.ActiveCfg = Debug|Any CPU
		{942ED6E8-0050-495F-A0EA-01E97F63760C}.AppStore|x64.Build.0 = Debug|Any CPU
		{942ED6E8-0050-495F-A0EA-01E97F63760C}.AppStore|x86.ActiveCfg = Debug|Any CPU
		{942ED6E8-0050-495F-A0EA-01E97F63760C}.AppStore|x86.Build.0 = Debug|Any CPU
		{942ED6E8-0050-495F-A0EA-01E97F63760C}.Debug|Any CPU.ActiveCfg = Debug|Any CPU
		{942ED6E8-0050-495F-A0EA-01E97F63760C}.Debug|Any CPU.Build.0 = Debug|Any CPU
		{942ED6E8-0050-495F-A0EA-01E97F63760C}.Debug|ARM.ActiveCfg = Debug|Any CPU
		{942ED6E8-0050-495F-A0EA-01E97F63760C}.Debug|ARM.Build.0 = Debug|Any CPU
		{942ED6E8-0050-495F-A0EA-01E97F63760C}.Debug|iPhone.ActiveCfg = Debug|Any CPU
		{942ED6E8-0050-495F-A0EA-01E97F63760C}.Debug|iPhone.Build.0 = Debug|Any CPU
		{942ED6E8-0050-495F-A0EA-01E97F63760C}.Debug|iPhoneSimulator.ActiveCfg = Debug|Any CPU
		{942ED6E8-0050-495F-A0EA-01E97F63760C}.Debug|iPhoneSimulator.Build.0 = Debug|Any CPU
		{942ED6E8-0050-495F-A0EA-01E97F63760C}.Debug|x64.ActiveCfg = Debug|Any CPU
		{942ED6E8-0050-495F-A0EA-01E97F63760C}.Debug|x64.Build.0 = Debug|Any CPU
		{942ED6E8-0050-495F-A0EA-01E97F63760C}.Debug|x86.ActiveCfg = Debug|Any CPU
		{942ED6E8-0050-495F-A0EA-01E97F63760C}.Debug|x86.Build.0 = Debug|Any CPU
		{942ED6E8-0050-495F-A0EA-01E97F63760C}.Release|Any CPU.ActiveCfg = Release|Any CPU
		{942ED6E8-0050-495F-A0EA-01E97F63760C}.Release|Any CPU.Build.0 = Release|Any CPU
		{942ED6E8-0050-495F-A0EA-01E97F63760C}.Release|ARM.ActiveCfg = Release|Any CPU
		{942ED6E8-0050-495F-A0EA-01E97F63760C}.Release|ARM.Build.0 = Release|Any CPU
		{942ED6E8-0050-495F-A0EA-01E97F63760C}.Release|iPhone.ActiveCfg = Release|Any CPU
		{942ED6E8-0050-495F-A0EA-01E97F63760C}.Release|iPhone.Build.0 = Release|Any CPU
		{942ED6E8-0050-495F-A0EA-01E97F63760C}.Release|iPhoneSimulator.ActiveCfg = Release|Any CPU
		{942ED6E8-0050-495F-A0EA-01E97F63760C}.Release|iPhoneSimulator.Build.0 = Release|Any CPU
		{942ED6E8-0050-495F-A0EA-01E97F63760C}.Release|x64.ActiveCfg = Release|Any CPU
		{942ED6E8-0050-495F-A0EA-01E97F63760C}.Release|x64.Build.0 = Release|Any CPU
		{942ED6E8-0050-495F-A0EA-01E97F63760C}.Release|x86.ActiveCfg = Release|Any CPU
		{942ED6E8-0050-495F-A0EA-01E97F63760C}.Release|x86.Build.0 = Release|Any CPU
		{22A0F9C1-2D4A-4107-95B7-8459E6688BC5}.Ad-Hoc|Any CPU.ActiveCfg = Debug|Any CPU
		{22A0F9C1-2D4A-4107-95B7-8459E6688BC5}.Ad-Hoc|Any CPU.Build.0 = Debug|Any CPU
		{22A0F9C1-2D4A-4107-95B7-8459E6688BC5}.Ad-Hoc|ARM.ActiveCfg = Debug|Any CPU
		{22A0F9C1-2D4A-4107-95B7-8459E6688BC5}.Ad-Hoc|ARM.Build.0 = Debug|Any CPU
		{22A0F9C1-2D4A-4107-95B7-8459E6688BC5}.Ad-Hoc|iPhone.ActiveCfg = Debug|Any CPU
		{22A0F9C1-2D4A-4107-95B7-8459E6688BC5}.Ad-Hoc|iPhone.Build.0 = Debug|Any CPU
		{22A0F9C1-2D4A-4107-95B7-8459E6688BC5}.Ad-Hoc|iPhoneSimulator.ActiveCfg = Debug|Any CPU
		{22A0F9C1-2D4A-4107-95B7-8459E6688BC5}.Ad-Hoc|iPhoneSimulator.Build.0 = Debug|Any CPU
		{22A0F9C1-2D4A-4107-95B7-8459E6688BC5}.Ad-Hoc|x64.ActiveCfg = Debug|Any CPU
		{22A0F9C1-2D4A-4107-95B7-8459E6688BC5}.Ad-Hoc|x64.Build.0 = Debug|Any CPU
		{22A0F9C1-2D4A-4107-95B7-8459E6688BC5}.Ad-Hoc|x86.ActiveCfg = Debug|Any CPU
		{22A0F9C1-2D4A-4107-95B7-8459E6688BC5}.Ad-Hoc|x86.Build.0 = Debug|Any CPU
		{22A0F9C1-2D4A-4107-95B7-8459E6688BC5}.AppStore|Any CPU.ActiveCfg = Debug|Any CPU
		{22A0F9C1-2D4A-4107-95B7-8459E6688BC5}.AppStore|Any CPU.Build.0 = Debug|Any CPU
		{22A0F9C1-2D4A-4107-95B7-8459E6688BC5}.AppStore|ARM.ActiveCfg = Debug|Any CPU
		{22A0F9C1-2D4A-4107-95B7-8459E6688BC5}.AppStore|ARM.Build.0 = Debug|Any CPU
		{22A0F9C1-2D4A-4107-95B7-8459E6688BC5}.AppStore|iPhone.ActiveCfg = Debug|Any CPU
		{22A0F9C1-2D4A-4107-95B7-8459E6688BC5}.AppStore|iPhone.Build.0 = Debug|Any CPU
		{22A0F9C1-2D4A-4107-95B7-8459E6688BC5}.AppStore|iPhoneSimulator.ActiveCfg = Debug|Any CPU
		{22A0F9C1-2D4A-4107-95B7-8459E6688BC5}.AppStore|iPhoneSimulator.Build.0 = Debug|Any CPU
		{22A0F9C1-2D4A-4107-95B7-8459E6688BC5}.AppStore|x64.ActiveCfg = Debug|Any CPU
		{22A0F9C1-2D4A-4107-95B7-8459E6688BC5}.AppStore|x64.Build.0 = Debug|Any CPU
		{22A0F9C1-2D4A-4107-95B7-8459E6688BC5}.AppStore|x86.ActiveCfg = Debug|Any CPU
		{22A0F9C1-2D4A-4107-95B7-8459E6688BC5}.AppStore|x86.Build.0 = Debug|Any CPU
		{22A0F9C1-2D4A-4107-95B7-8459E6688BC5}.Debug|Any CPU.ActiveCfg = Debug|Any CPU
		{22A0F9C1-2D4A-4107-95B7-8459E6688BC5}.Debug|Any CPU.Build.0 = Debug|Any CPU
		{22A0F9C1-2D4A-4107-95B7-8459E6688BC5}.Debug|ARM.ActiveCfg = Debug|Any CPU
		{22A0F9C1-2D4A-4107-95B7-8459E6688BC5}.Debug|ARM.Build.0 = Debug|Any CPU
		{22A0F9C1-2D4A-4107-95B7-8459E6688BC5}.Debug|iPhone.ActiveCfg = Debug|Any CPU
		{22A0F9C1-2D4A-4107-95B7-8459E6688BC5}.Debug|iPhone.Build.0 = Debug|Any CPU
		{22A0F9C1-2D4A-4107-95B7-8459E6688BC5}.Debug|iPhoneSimulator.ActiveCfg = Debug|Any CPU
		{22A0F9C1-2D4A-4107-95B7-8459E6688BC5}.Debug|iPhoneSimulator.Build.0 = Debug|Any CPU
		{22A0F9C1-2D4A-4107-95B7-8459E6688BC5}.Debug|x64.ActiveCfg = Debug|Any CPU
		{22A0F9C1-2D4A-4107-95B7-8459E6688BC5}.Debug|x64.Build.0 = Debug|Any CPU
		{22A0F9C1-2D4A-4107-95B7-8459E6688BC5}.Debug|x86.ActiveCfg = Debug|Any CPU
		{22A0F9C1-2D4A-4107-95B7-8459E6688BC5}.Debug|x86.Build.0 = Debug|Any CPU
		{22A0F9C1-2D4A-4107-95B7-8459E6688BC5}.Release|Any CPU.ActiveCfg = Release|Any CPU
		{22A0F9C1-2D4A-4107-95B7-8459E6688BC5}.Release|Any CPU.Build.0 = Release|Any CPU
		{22A0F9C1-2D4A-4107-95B7-8459E6688BC5}.Release|ARM.ActiveCfg = Release|Any CPU
		{22A0F9C1-2D4A-4107-95B7-8459E6688BC5}.Release|ARM.Build.0 = Release|Any CPU
		{22A0F9C1-2D4A-4107-95B7-8459E6688BC5}.Release|iPhone.ActiveCfg = Release|Any CPU
		{22A0F9C1-2D4A-4107-95B7-8459E6688BC5}.Release|iPhone.Build.0 = Release|Any CPU
		{22A0F9C1-2D4A-4107-95B7-8459E6688BC5}.Release|iPhoneSimulator.ActiveCfg = Release|Any CPU
		{22A0F9C1-2D4A-4107-95B7-8459E6688BC5}.Release|iPhoneSimulator.Build.0 = Release|Any CPU
		{22A0F9C1-2D4A-4107-95B7-8459E6688BC5}.Release|x64.ActiveCfg = Release|Any CPU
		{22A0F9C1-2D4A-4107-95B7-8459E6688BC5}.Release|x64.Build.0 = Release|Any CPU
		{22A0F9C1-2D4A-4107-95B7-8459E6688BC5}.Release|x86.ActiveCfg = Release|Any CPU
		{22A0F9C1-2D4A-4107-95B7-8459E6688BC5}.Release|x86.Build.0 = Release|Any CPU
		{4BD76717-3102-4969-8C2C-BAAA3F0263B6}.Ad-Hoc|Any CPU.ActiveCfg = Debug|Any CPU
		{4BD76717-3102-4969-8C2C-BAAA3F0263B6}.Ad-Hoc|Any CPU.Build.0 = Debug|Any CPU
		{4BD76717-3102-4969-8C2C-BAAA3F0263B6}.Ad-Hoc|ARM.ActiveCfg = Debug|Any CPU
		{4BD76717-3102-4969-8C2C-BAAA3F0263B6}.Ad-Hoc|ARM.Build.0 = Debug|Any CPU
		{4BD76717-3102-4969-8C2C-BAAA3F0263B6}.Ad-Hoc|iPhone.ActiveCfg = Debug|Any CPU
		{4BD76717-3102-4969-8C2C-BAAA3F0263B6}.Ad-Hoc|iPhone.Build.0 = Debug|Any CPU
		{4BD76717-3102-4969-8C2C-BAAA3F0263B6}.Ad-Hoc|iPhoneSimulator.ActiveCfg = Debug|Any CPU
		{4BD76717-3102-4969-8C2C-BAAA3F0263B6}.Ad-Hoc|iPhoneSimulator.Build.0 = Debug|Any CPU
		{4BD76717-3102-4969-8C2C-BAAA3F0263B6}.Ad-Hoc|x64.ActiveCfg = Debug|Any CPU
		{4BD76717-3102-4969-8C2C-BAAA3F0263B6}.Ad-Hoc|x64.Build.0 = Debug|Any CPU
		{4BD76717-3102-4969-8C2C-BAAA3F0263B6}.Ad-Hoc|x86.ActiveCfg = Debug|Any CPU
		{4BD76717-3102-4969-8C2C-BAAA3F0263B6}.Ad-Hoc|x86.Build.0 = Debug|Any CPU
		{4BD76717-3102-4969-8C2C-BAAA3F0263B6}.AppStore|Any CPU.ActiveCfg = Debug|Any CPU
		{4BD76717-3102-4969-8C2C-BAAA3F0263B6}.AppStore|Any CPU.Build.0 = Debug|Any CPU
		{4BD76717-3102-4969-8C2C-BAAA3F0263B6}.AppStore|ARM.ActiveCfg = Debug|Any CPU
		{4BD76717-3102-4969-8C2C-BAAA3F0263B6}.AppStore|ARM.Build.0 = Debug|Any CPU
		{4BD76717-3102-4969-8C2C-BAAA3F0263B6}.AppStore|iPhone.ActiveCfg = Debug|Any CPU
		{4BD76717-3102-4969-8C2C-BAAA3F0263B6}.AppStore|iPhone.Build.0 = Debug|Any CPU
		{4BD76717-3102-4969-8C2C-BAAA3F0263B6}.AppStore|iPhoneSimulator.ActiveCfg = Debug|Any CPU
		{4BD76717-3102-4969-8C2C-BAAA3F0263B6}.AppStore|iPhoneSimulator.Build.0 = Debug|Any CPU
		{4BD76717-3102-4969-8C2C-BAAA3F0263B6}.AppStore|x64.ActiveCfg = Debug|Any CPU
		{4BD76717-3102-4969-8C2C-BAAA3F0263B6}.AppStore|x64.Build.0 = Debug|Any CPU
		{4BD76717-3102-4969-8C2C-BAAA3F0263B6}.AppStore|x86.ActiveCfg = Debug|Any CPU
		{4BD76717-3102-4969-8C2C-BAAA3F0263B6}.AppStore|x86.Build.0 = Debug|Any CPU
		{4BD76717-3102-4969-8C2C-BAAA3F0263B6}.Debug|Any CPU.ActiveCfg = Debug|Any CPU
		{4BD76717-3102-4969-8C2C-BAAA3F0263B6}.Debug|Any CPU.Build.0 = Debug|Any CPU
		{4BD76717-3102-4969-8C2C-BAAA3F0263B6}.Debug|ARM.ActiveCfg = Debug|Any CPU
		{4BD76717-3102-4969-8C2C-BAAA3F0263B6}.Debug|ARM.Build.0 = Debug|Any CPU
		{4BD76717-3102-4969-8C2C-BAAA3F0263B6}.Debug|iPhone.ActiveCfg = Debug|Any CPU
		{4BD76717-3102-4969-8C2C-BAAA3F0263B6}.Debug|iPhone.Build.0 = Debug|Any CPU
		{4BD76717-3102-4969-8C2C-BAAA3F0263B6}.Debug|iPhoneSimulator.ActiveCfg = Debug|Any CPU
		{4BD76717-3102-4969-8C2C-BAAA3F0263B6}.Debug|iPhoneSimulator.Build.0 = Debug|Any CPU
		{4BD76717-3102-4969-8C2C-BAAA3F0263B6}.Debug|x64.ActiveCfg = Debug|Any CPU
		{4BD76717-3102-4969-8C2C-BAAA3F0263B6}.Debug|x64.Build.0 = Debug|Any CPU
		{4BD76717-3102-4969-8C2C-BAAA3F0263B6}.Debug|x86.ActiveCfg = Debug|Any CPU
		{4BD76717-3102-4969-8C2C-BAAA3F0263B6}.Debug|x86.Build.0 = Debug|Any CPU
		{4BD76717-3102-4969-8C2C-BAAA3F0263B6}.Release|Any CPU.ActiveCfg = Release|Any CPU
		{4BD76717-3102-4969-8C2C-BAAA3F0263B6}.Release|Any CPU.Build.0 = Release|Any CPU
		{4BD76717-3102-4969-8C2C-BAAA3F0263B6}.Release|ARM.ActiveCfg = Release|Any CPU
		{4BD76717-3102-4969-8C2C-BAAA3F0263B6}.Release|ARM.Build.0 = Release|Any CPU
		{4BD76717-3102-4969-8C2C-BAAA3F0263B6}.Release|iPhone.ActiveCfg = Release|Any CPU
		{4BD76717-3102-4969-8C2C-BAAA3F0263B6}.Release|iPhone.Build.0 = Release|Any CPU
		{4BD76717-3102-4969-8C2C-BAAA3F0263B6}.Release|iPhoneSimulator.ActiveCfg = Release|Any CPU
		{4BD76717-3102-4969-8C2C-BAAA3F0263B6}.Release|iPhoneSimulator.Build.0 = Release|Any CPU
		{4BD76717-3102-4969-8C2C-BAAA3F0263B6}.Release|x64.ActiveCfg = Release|Any CPU
		{4BD76717-3102-4969-8C2C-BAAA3F0263B6}.Release|x64.Build.0 = Release|Any CPU
		{4BD76717-3102-4969-8C2C-BAAA3F0263B6}.Release|x86.ActiveCfg = Release|Any CPU
		{4BD76717-3102-4969-8C2C-BAAA3F0263B6}.Release|x86.Build.0 = Release|Any CPU
		{69AF10D3-AA76-4FF7-B187-EC7E8CC5F5B8}.Ad-Hoc|Any CPU.ActiveCfg = Debug|Any CPU
		{69AF10D3-AA76-4FF7-B187-EC7E8CC5F5B8}.Ad-Hoc|Any CPU.Build.0 = Debug|Any CPU
		{69AF10D3-AA76-4FF7-B187-EC7E8CC5F5B8}.Ad-Hoc|ARM.ActiveCfg = Debug|Any CPU
		{69AF10D3-AA76-4FF7-B187-EC7E8CC5F5B8}.Ad-Hoc|ARM.Build.0 = Debug|Any CPU
		{69AF10D3-AA76-4FF7-B187-EC7E8CC5F5B8}.Ad-Hoc|iPhone.ActiveCfg = Debug|Any CPU
		{69AF10D3-AA76-4FF7-B187-EC7E8CC5F5B8}.Ad-Hoc|iPhone.Build.0 = Debug|Any CPU
		{69AF10D3-AA76-4FF7-B187-EC7E8CC5F5B8}.Ad-Hoc|iPhoneSimulator.ActiveCfg = Debug|Any CPU
		{69AF10D3-AA76-4FF7-B187-EC7E8CC5F5B8}.Ad-Hoc|iPhoneSimulator.Build.0 = Debug|Any CPU
		{69AF10D3-AA76-4FF7-B187-EC7E8CC5F5B8}.Ad-Hoc|x64.ActiveCfg = Debug|Any CPU
		{69AF10D3-AA76-4FF7-B187-EC7E8CC5F5B8}.Ad-Hoc|x64.Build.0 = Debug|Any CPU
		{69AF10D3-AA76-4FF7-B187-EC7E8CC5F5B8}.Ad-Hoc|x86.ActiveCfg = Debug|Any CPU
		{69AF10D3-AA76-4FF7-B187-EC7E8CC5F5B8}.Ad-Hoc|x86.Build.0 = Debug|Any CPU
		{69AF10D3-AA76-4FF7-B187-EC7E8CC5F5B8}.AppStore|Any CPU.ActiveCfg = Debug|Any CPU
		{69AF10D3-AA76-4FF7-B187-EC7E8CC5F5B8}.AppStore|Any CPU.Build.0 = Debug|Any CPU
		{69AF10D3-AA76-4FF7-B187-EC7E8CC5F5B8}.AppStore|ARM.ActiveCfg = Debug|Any CPU
		{69AF10D3-AA76-4FF7-B187-EC7E8CC5F5B8}.AppStore|ARM.Build.0 = Debug|Any CPU
		{69AF10D3-AA76-4FF7-B187-EC7E8CC5F5B8}.AppStore|iPhone.ActiveCfg = Debug|Any CPU
		{69AF10D3-AA76-4FF7-B187-EC7E8CC5F5B8}.AppStore|iPhone.Build.0 = Debug|Any CPU
		{69AF10D3-AA76-4FF7-B187-EC7E8CC5F5B8}.AppStore|iPhoneSimulator.ActiveCfg = Debug|Any CPU
		{69AF10D3-AA76-4FF7-B187-EC7E8CC5F5B8}.AppStore|iPhoneSimulator.Build.0 = Debug|Any CPU
		{69AF10D3-AA76-4FF7-B187-EC7E8CC5F5B8}.AppStore|x64.ActiveCfg = Debug|Any CPU
		{69AF10D3-AA76-4FF7-B187-EC7E8CC5F5B8}.AppStore|x64.Build.0 = Debug|Any CPU
		{69AF10D3-AA76-4FF7-B187-EC7E8CC5F5B8}.AppStore|x86.ActiveCfg = Debug|Any CPU
		{69AF10D3-AA76-4FF7-B187-EC7E8CC5F5B8}.AppStore|x86.Build.0 = Debug|Any CPU
		{69AF10D3-AA76-4FF7-B187-EC7E8CC5F5B8}.Debug|Any CPU.ActiveCfg = Debug|Any CPU
		{69AF10D3-AA76-4FF7-B187-EC7E8CC5F5B8}.Debug|Any CPU.Build.0 = Debug|Any CPU
		{69AF10D3-AA76-4FF7-B187-EC7E8CC5F5B8}.Debug|ARM.ActiveCfg = Debug|Any CPU
		{69AF10D3-AA76-4FF7-B187-EC7E8CC5F5B8}.Debug|ARM.Build.0 = Debug|Any CPU
		{69AF10D3-AA76-4FF7-B187-EC7E8CC5F5B8}.Debug|iPhone.ActiveCfg = Debug|Any CPU
		{69AF10D3-AA76-4FF7-B187-EC7E8CC5F5B8}.Debug|iPhone.Build.0 = Debug|Any CPU
		{69AF10D3-AA76-4FF7-B187-EC7E8CC5F5B8}.Debug|iPhoneSimulator.ActiveCfg = Debug|Any CPU
		{69AF10D3-AA76-4FF7-B187-EC7E8CC5F5B8}.Debug|iPhoneSimulator.Build.0 = Debug|Any CPU
		{69AF10D3-AA76-4FF7-B187-EC7E8CC5F5B8}.Debug|x64.ActiveCfg = Debug|Any CPU
		{69AF10D3-AA76-4FF7-B187-EC7E8CC5F5B8}.Debug|x64.Build.0 = Debug|Any CPU
		{69AF10D3-AA76-4FF7-B187-EC7E8CC5F5B8}.Debug|x86.ActiveCfg = Debug|Any CPU
		{69AF10D3-AA76-4FF7-B187-EC7E8CC5F5B8}.Debug|x86.Build.0 = Debug|Any CPU
		{69AF10D3-AA76-4FF7-B187-EC7E8CC5F5B8}.Release|Any CPU.ActiveCfg = Release|Any CPU
		{69AF10D3-AA76-4FF7-B187-EC7E8CC5F5B8}.Release|Any CPU.Build.0 = Release|Any CPU
		{69AF10D3-AA76-4FF7-B187-EC7E8CC5F5B8}.Release|ARM.ActiveCfg = Release|Any CPU
		{69AF10D3-AA76-4FF7-B187-EC7E8CC5F5B8}.Release|ARM.Build.0 = Release|Any CPU
		{69AF10D3-AA76-4FF7-B187-EC7E8CC5F5B8}.Release|iPhone.ActiveCfg = Release|Any CPU
		{69AF10D3-AA76-4FF7-B187-EC7E8CC5F5B8}.Release|iPhone.Build.0 = Release|Any CPU
		{69AF10D3-AA76-4FF7-B187-EC7E8CC5F5B8}.Release|iPhoneSimulator.ActiveCfg = Release|Any CPU
		{69AF10D3-AA76-4FF7-B187-EC7E8CC5F5B8}.Release|iPhoneSimulator.Build.0 = Release|Any CPU
		{69AF10D3-AA76-4FF7-B187-EC7E8CC5F5B8}.Release|x64.ActiveCfg = Release|Any CPU
		{69AF10D3-AA76-4FF7-B187-EC7E8CC5F5B8}.Release|x64.Build.0 = Release|Any CPU
		{69AF10D3-AA76-4FF7-B187-EC7E8CC5F5B8}.Release|x86.ActiveCfg = Release|Any CPU
		{69AF10D3-AA76-4FF7-B187-EC7E8CC5F5B8}.Release|x86.Build.0 = Release|Any CPU
		{768C887F-C229-4B94-ACD8-0C7F65686524}.Ad-Hoc|Any CPU.ActiveCfg = Debug|Any CPU
		{768C887F-C229-4B94-ACD8-0C7F65686524}.Ad-Hoc|Any CPU.Build.0 = Debug|Any CPU
		{768C887F-C229-4B94-ACD8-0C7F65686524}.Ad-Hoc|ARM.ActiveCfg = Debug|Any CPU
		{768C887F-C229-4B94-ACD8-0C7F65686524}.Ad-Hoc|ARM.Build.0 = Debug|Any CPU
		{768C887F-C229-4B94-ACD8-0C7F65686524}.Ad-Hoc|iPhone.ActiveCfg = Debug|Any CPU
		{768C887F-C229-4B94-ACD8-0C7F65686524}.Ad-Hoc|iPhone.Build.0 = Debug|Any CPU
		{768C887F-C229-4B94-ACD8-0C7F65686524}.Ad-Hoc|iPhoneSimulator.ActiveCfg = Debug|Any CPU
		{768C887F-C229-4B94-ACD8-0C7F65686524}.Ad-Hoc|iPhoneSimulator.Build.0 = Debug|Any CPU
		{768C887F-C229-4B94-ACD8-0C7F65686524}.Ad-Hoc|x64.ActiveCfg = Debug|Any CPU
		{768C887F-C229-4B94-ACD8-0C7F65686524}.Ad-Hoc|x64.Build.0 = Debug|Any CPU
		{768C887F-C229-4B94-ACD8-0C7F65686524}.Ad-Hoc|x86.ActiveCfg = Debug|Any CPU
		{768C887F-C229-4B94-ACD8-0C7F65686524}.Ad-Hoc|x86.Build.0 = Debug|Any CPU
		{768C887F-C229-4B94-ACD8-0C7F65686524}.AppStore|Any CPU.ActiveCfg = Debug|Any CPU
		{768C887F-C229-4B94-ACD8-0C7F65686524}.AppStore|Any CPU.Build.0 = Debug|Any CPU
		{768C887F-C229-4B94-ACD8-0C7F65686524}.AppStore|ARM.ActiveCfg = Debug|Any CPU
		{768C887F-C229-4B94-ACD8-0C7F65686524}.AppStore|ARM.Build.0 = Debug|Any CPU
		{768C887F-C229-4B94-ACD8-0C7F65686524}.AppStore|iPhone.ActiveCfg = Debug|Any CPU
		{768C887F-C229-4B94-ACD8-0C7F65686524}.AppStore|iPhone.Build.0 = Debug|Any CPU
		{768C887F-C229-4B94-ACD8-0C7F65686524}.AppStore|iPhoneSimulator.ActiveCfg = Debug|Any CPU
		{768C887F-C229-4B94-ACD8-0C7F65686524}.AppStore|iPhoneSimulator.Build.0 = Debug|Any CPU
		{768C887F-C229-4B94-ACD8-0C7F65686524}.AppStore|x64.ActiveCfg = Debug|Any CPU
		{768C887F-C229-4B94-ACD8-0C7F65686524}.AppStore|x64.Build.0 = Debug|Any CPU
		{768C887F-C229-4B94-ACD8-0C7F65686524}.AppStore|x86.ActiveCfg = Debug|Any CPU
		{768C887F-C229-4B94-ACD8-0C7F65686524}.AppStore|x86.Build.0 = Debug|Any CPU
		{768C887F-C229-4B94-ACD8-0C7F65686524}.Debug|Any CPU.ActiveCfg = Debug|Any CPU
		{768C887F-C229-4B94-ACD8-0C7F65686524}.Debug|Any CPU.Build.0 = Debug|Any CPU
		{768C887F-C229-4B94-ACD8-0C7F65686524}.Debug|ARM.ActiveCfg = Debug|Any CPU
		{768C887F-C229-4B94-ACD8-0C7F65686524}.Debug|ARM.Build.0 = Debug|Any CPU
		{768C887F-C229-4B94-ACD8-0C7F65686524}.Debug|iPhone.ActiveCfg = Debug|Any CPU
		{768C887F-C229-4B94-ACD8-0C7F65686524}.Debug|iPhone.Build.0 = Debug|Any CPU
		{768C887F-C229-4B94-ACD8-0C7F65686524}.Debug|iPhoneSimulator.ActiveCfg = Debug|Any CPU
		{768C887F-C229-4B94-ACD8-0C7F65686524}.Debug|iPhoneSimulator.Build.0 = Debug|Any CPU
		{768C887F-C229-4B94-ACD8-0C7F65686524}.Debug|x64.ActiveCfg = Debug|Any CPU
		{768C887F-C229-4B94-ACD8-0C7F65686524}.Debug|x64.Build.0 = Debug|Any CPU
		{768C887F-C229-4B94-ACD8-0C7F65686524}.Debug|x86.ActiveCfg = Debug|Any CPU
		{768C887F-C229-4B94-ACD8-0C7F65686524}.Debug|x86.Build.0 = Debug|Any CPU
		{768C887F-C229-4B94-ACD8-0C7F65686524}.Release|Any CPU.ActiveCfg = Release|Any CPU
		{768C887F-C229-4B94-ACD8-0C7F65686524}.Release|Any CPU.Build.0 = Release|Any CPU
		{768C887F-C229-4B94-ACD8-0C7F65686524}.Release|ARM.ActiveCfg = Release|Any CPU
		{768C887F-C229-4B94-ACD8-0C7F65686524}.Release|ARM.Build.0 = Release|Any CPU
		{768C887F-C229-4B94-ACD8-0C7F65686524}.Release|iPhone.ActiveCfg = Release|Any CPU
		{768C887F-C229-4B94-ACD8-0C7F65686524}.Release|iPhone.Build.0 = Release|Any CPU
		{768C887F-C229-4B94-ACD8-0C7F65686524}.Release|iPhoneSimulator.ActiveCfg = Release|Any CPU
		{768C887F-C229-4B94-ACD8-0C7F65686524}.Release|iPhoneSimulator.Build.0 = Release|Any CPU
		{768C887F-C229-4B94-ACD8-0C7F65686524}.Release|x64.ActiveCfg = Release|Any CPU
		{768C887F-C229-4B94-ACD8-0C7F65686524}.Release|x64.Build.0 = Release|Any CPU
		{768C887F-C229-4B94-ACD8-0C7F65686524}.Release|x86.ActiveCfg = Release|Any CPU
		{768C887F-C229-4B94-ACD8-0C7F65686524}.Release|x86.Build.0 = Release|Any CPU
		{15F4B3AA-89B6-4A0D-9051-414305974781}.Ad-Hoc|Any CPU.ActiveCfg = Debug|Any CPU
		{15F4B3AA-89B6-4A0D-9051-414305974781}.Ad-Hoc|Any CPU.Build.0 = Debug|Any CPU
		{15F4B3AA-89B6-4A0D-9051-414305974781}.Ad-Hoc|ARM.ActiveCfg = Debug|Any CPU
		{15F4B3AA-89B6-4A0D-9051-414305974781}.Ad-Hoc|ARM.Build.0 = Debug|Any CPU
		{15F4B3AA-89B6-4A0D-9051-414305974781}.Ad-Hoc|iPhone.ActiveCfg = Debug|Any CPU
		{15F4B3AA-89B6-4A0D-9051-414305974781}.Ad-Hoc|iPhone.Build.0 = Debug|Any CPU
		{15F4B3AA-89B6-4A0D-9051-414305974781}.Ad-Hoc|iPhoneSimulator.ActiveCfg = Debug|Any CPU
		{15F4B3AA-89B6-4A0D-9051-414305974781}.Ad-Hoc|iPhoneSimulator.Build.0 = Debug|Any CPU
		{15F4B3AA-89B6-4A0D-9051-414305974781}.Ad-Hoc|x64.ActiveCfg = Debug|Any CPU
		{15F4B3AA-89B6-4A0D-9051-414305974781}.Ad-Hoc|x64.Build.0 = Debug|Any CPU
		{15F4B3AA-89B6-4A0D-9051-414305974781}.Ad-Hoc|x86.ActiveCfg = Debug|Any CPU
		{15F4B3AA-89B6-4A0D-9051-414305974781}.Ad-Hoc|x86.Build.0 = Debug|Any CPU
		{15F4B3AA-89B6-4A0D-9051-414305974781}.AppStore|Any CPU.ActiveCfg = Debug|Any CPU
		{15F4B3AA-89B6-4A0D-9051-414305974781}.AppStore|Any CPU.Build.0 = Debug|Any CPU
		{15F4B3AA-89B6-4A0D-9051-414305974781}.AppStore|ARM.ActiveCfg = Debug|Any CPU
		{15F4B3AA-89B6-4A0D-9051-414305974781}.AppStore|ARM.Build.0 = Debug|Any CPU
		{15F4B3AA-89B6-4A0D-9051-414305974781}.AppStore|iPhone.ActiveCfg = Debug|Any CPU
		{15F4B3AA-89B6-4A0D-9051-414305974781}.AppStore|iPhone.Build.0 = Debug|Any CPU
		{15F4B3AA-89B6-4A0D-9051-414305974781}.AppStore|iPhoneSimulator.ActiveCfg = Debug|Any CPU
		{15F4B3AA-89B6-4A0D-9051-414305974781}.AppStore|iPhoneSimulator.Build.0 = Debug|Any CPU
		{15F4B3AA-89B6-4A0D-9051-414305974781}.AppStore|x64.ActiveCfg = Debug|Any CPU
		{15F4B3AA-89B6-4A0D-9051-414305974781}.AppStore|x64.Build.0 = Debug|Any CPU
		{15F4B3AA-89B6-4A0D-9051-414305974781}.AppStore|x86.ActiveCfg = Debug|Any CPU
		{15F4B3AA-89B6-4A0D-9051-414305974781}.AppStore|x86.Build.0 = Debug|Any CPU
		{15F4B3AA-89B6-4A0D-9051-414305974781}.Debug|Any CPU.ActiveCfg = Debug|Any CPU
		{15F4B3AA-89B6-4A0D-9051-414305974781}.Debug|Any CPU.Build.0 = Debug|Any CPU
		{15F4B3AA-89B6-4A0D-9051-414305974781}.Debug|ARM.ActiveCfg = Debug|Any CPU
		{15F4B3AA-89B6-4A0D-9051-414305974781}.Debug|ARM.Build.0 = Debug|Any CPU
		{15F4B3AA-89B6-4A0D-9051-414305974781}.Debug|iPhone.ActiveCfg = Debug|Any CPU
		{15F4B3AA-89B6-4A0D-9051-414305974781}.Debug|iPhone.Build.0 = Debug|Any CPU
		{15F4B3AA-89B6-4A0D-9051-414305974781}.Debug|iPhoneSimulator.ActiveCfg = Debug|Any CPU
		{15F4B3AA-89B6-4A0D-9051-414305974781}.Debug|iPhoneSimulator.Build.0 = Debug|Any CPU
		{15F4B3AA-89B6-4A0D-9051-414305974781}.Debug|x64.ActiveCfg = Debug|Any CPU
		{15F4B3AA-89B6-4A0D-9051-414305974781}.Debug|x64.Build.0 = Debug|Any CPU
		{15F4B3AA-89B6-4A0D-9051-414305974781}.Debug|x86.ActiveCfg = Debug|Any CPU
		{15F4B3AA-89B6-4A0D-9051-414305974781}.Debug|x86.Build.0 = Debug|Any CPU
		{15F4B3AA-89B6-4A0D-9051-414305974781}.Release|Any CPU.ActiveCfg = Release|Any CPU
		{15F4B3AA-89B6-4A0D-9051-414305974781}.Release|Any CPU.Build.0 = Release|Any CPU
		{15F4B3AA-89B6-4A0D-9051-414305974781}.Release|ARM.ActiveCfg = Release|Any CPU
		{15F4B3AA-89B6-4A0D-9051-414305974781}.Release|ARM.Build.0 = Release|Any CPU
		{15F4B3AA-89B6-4A0D-9051-414305974781}.Release|iPhone.ActiveCfg = Release|Any CPU
		{15F4B3AA-89B6-4A0D-9051-414305974781}.Release|iPhone.Build.0 = Release|Any CPU
		{15F4B3AA-89B6-4A0D-9051-414305974781}.Release|iPhoneSimulator.ActiveCfg = Release|Any CPU
		{15F4B3AA-89B6-4A0D-9051-414305974781}.Release|iPhoneSimulator.Build.0 = Release|Any CPU
		{15F4B3AA-89B6-4A0D-9051-414305974781}.Release|x64.ActiveCfg = Release|Any CPU
		{15F4B3AA-89B6-4A0D-9051-414305974781}.Release|x64.Build.0 = Release|Any CPU
		{15F4B3AA-89B6-4A0D-9051-414305974781}.Release|x86.ActiveCfg = Release|Any CPU
		{15F4B3AA-89B6-4A0D-9051-414305974781}.Release|x86.Build.0 = Release|Any CPU
		{457B2AC6-FA5A-4BF2-9384-FA6370B8E655}.Ad-Hoc|Any CPU.ActiveCfg = Debug|Any CPU
		{457B2AC6-FA5A-4BF2-9384-FA6370B8E655}.Ad-Hoc|Any CPU.Build.0 = Debug|Any CPU
		{457B2AC6-FA5A-4BF2-9384-FA6370B8E655}.Ad-Hoc|ARM.ActiveCfg = Debug|Any CPU
		{457B2AC6-FA5A-4BF2-9384-FA6370B8E655}.Ad-Hoc|ARM.Build.0 = Debug|Any CPU
		{457B2AC6-FA5A-4BF2-9384-FA6370B8E655}.Ad-Hoc|iPhone.ActiveCfg = Debug|Any CPU
		{457B2AC6-FA5A-4BF2-9384-FA6370B8E655}.Ad-Hoc|iPhone.Build.0 = Debug|Any CPU
		{457B2AC6-FA5A-4BF2-9384-FA6370B8E655}.Ad-Hoc|iPhoneSimulator.ActiveCfg = Debug|Any CPU
		{457B2AC6-FA5A-4BF2-9384-FA6370B8E655}.Ad-Hoc|iPhoneSimulator.Build.0 = Debug|Any CPU
		{457B2AC6-FA5A-4BF2-9384-FA6370B8E655}.Ad-Hoc|x64.ActiveCfg = Debug|Any CPU
		{457B2AC6-FA5A-4BF2-9384-FA6370B8E655}.Ad-Hoc|x64.Build.0 = Debug|Any CPU
		{457B2AC6-FA5A-4BF2-9384-FA6370B8E655}.Ad-Hoc|x86.ActiveCfg = Debug|Any CPU
		{457B2AC6-FA5A-4BF2-9384-FA6370B8E655}.Ad-Hoc|x86.Build.0 = Debug|Any CPU
		{457B2AC6-FA5A-4BF2-9384-FA6370B8E655}.AppStore|Any CPU.ActiveCfg = Debug|Any CPU
		{457B2AC6-FA5A-4BF2-9384-FA6370B8E655}.AppStore|Any CPU.Build.0 = Debug|Any CPU
		{457B2AC6-FA5A-4BF2-9384-FA6370B8E655}.AppStore|ARM.ActiveCfg = Debug|Any CPU
		{457B2AC6-FA5A-4BF2-9384-FA6370B8E655}.AppStore|ARM.Build.0 = Debug|Any CPU
		{457B2AC6-FA5A-4BF2-9384-FA6370B8E655}.AppStore|iPhone.ActiveCfg = Debug|Any CPU
		{457B2AC6-FA5A-4BF2-9384-FA6370B8E655}.AppStore|iPhone.Build.0 = Debug|Any CPU
		{457B2AC6-FA5A-4BF2-9384-FA6370B8E655}.AppStore|iPhoneSimulator.ActiveCfg = Debug|Any CPU
		{457B2AC6-FA5A-4BF2-9384-FA6370B8E655}.AppStore|iPhoneSimulator.Build.0 = Debug|Any CPU
		{457B2AC6-FA5A-4BF2-9384-FA6370B8E655}.AppStore|x64.ActiveCfg = Debug|Any CPU
		{457B2AC6-FA5A-4BF2-9384-FA6370B8E655}.AppStore|x64.Build.0 = Debug|Any CPU
		{457B2AC6-FA5A-4BF2-9384-FA6370B8E655}.AppStore|x86.ActiveCfg = Debug|Any CPU
		{457B2AC6-FA5A-4BF2-9384-FA6370B8E655}.AppStore|x86.Build.0 = Debug|Any CPU
		{457B2AC6-FA5A-4BF2-9384-FA6370B8E655}.Debug|Any CPU.ActiveCfg = Debug|Any CPU
		{457B2AC6-FA5A-4BF2-9384-FA6370B8E655}.Debug|Any CPU.Build.0 = Debug|Any CPU
		{457B2AC6-FA5A-4BF2-9384-FA6370B8E655}.Debug|ARM.ActiveCfg = Debug|Any CPU
		{457B2AC6-FA5A-4BF2-9384-FA6370B8E655}.Debug|ARM.Build.0 = Debug|Any CPU
		{457B2AC6-FA5A-4BF2-9384-FA6370B8E655}.Debug|iPhone.ActiveCfg = Debug|Any CPU
		{457B2AC6-FA5A-4BF2-9384-FA6370B8E655}.Debug|iPhone.Build.0 = Debug|Any CPU
		{457B2AC6-FA5A-4BF2-9384-FA6370B8E655}.Debug|iPhoneSimulator.ActiveCfg = Debug|Any CPU
		{457B2AC6-FA5A-4BF2-9384-FA6370B8E655}.Debug|iPhoneSimulator.Build.0 = Debug|Any CPU
		{457B2AC6-FA5A-4BF2-9384-FA6370B8E655}.Debug|x64.ActiveCfg = Debug|Any CPU
		{457B2AC6-FA5A-4BF2-9384-FA6370B8E655}.Debug|x64.Build.0 = Debug|Any CPU
		{457B2AC6-FA5A-4BF2-9384-FA6370B8E655}.Debug|x86.ActiveCfg = Debug|Any CPU
		{457B2AC6-FA5A-4BF2-9384-FA6370B8E655}.Debug|x86.Build.0 = Debug|Any CPU
		{457B2AC6-FA5A-4BF2-9384-FA6370B8E655}.Release|Any CPU.ActiveCfg = Release|Any CPU
		{457B2AC6-FA5A-4BF2-9384-FA6370B8E655}.Release|Any CPU.Build.0 = Release|Any CPU
		{457B2AC6-FA5A-4BF2-9384-FA6370B8E655}.Release|ARM.ActiveCfg = Release|Any CPU
		{457B2AC6-FA5A-4BF2-9384-FA6370B8E655}.Release|ARM.Build.0 = Release|Any CPU
		{457B2AC6-FA5A-4BF2-9384-FA6370B8E655}.Release|iPhone.ActiveCfg = Release|Any CPU
		{457B2AC6-FA5A-4BF2-9384-FA6370B8E655}.Release|iPhone.Build.0 = Release|Any CPU
		{457B2AC6-FA5A-4BF2-9384-FA6370B8E655}.Release|iPhoneSimulator.ActiveCfg = Release|Any CPU
		{457B2AC6-FA5A-4BF2-9384-FA6370B8E655}.Release|iPhoneSimulator.Build.0 = Release|Any CPU
		{457B2AC6-FA5A-4BF2-9384-FA6370B8E655}.Release|x64.ActiveCfg = Release|Any CPU
		{457B2AC6-FA5A-4BF2-9384-FA6370B8E655}.Release|x64.Build.0 = Release|Any CPU
		{457B2AC6-FA5A-4BF2-9384-FA6370B8E655}.Release|x86.ActiveCfg = Release|Any CPU
		{457B2AC6-FA5A-4BF2-9384-FA6370B8E655}.Release|x86.Build.0 = Release|Any CPU
		{6713B936-BA1F-4F3D-929E-31A350F8353E}.Ad-Hoc|Any CPU.ActiveCfg = Debug|Any CPU
		{6713B936-BA1F-4F3D-929E-31A350F8353E}.Ad-Hoc|Any CPU.Build.0 = Debug|Any CPU
		{6713B936-BA1F-4F3D-929E-31A350F8353E}.Ad-Hoc|ARM.ActiveCfg = Debug|Any CPU
		{6713B936-BA1F-4F3D-929E-31A350F8353E}.Ad-Hoc|ARM.Build.0 = Debug|Any CPU
		{6713B936-BA1F-4F3D-929E-31A350F8353E}.Ad-Hoc|iPhone.ActiveCfg = Debug|Any CPU
		{6713B936-BA1F-4F3D-929E-31A350F8353E}.Ad-Hoc|iPhone.Build.0 = Debug|Any CPU
		{6713B936-BA1F-4F3D-929E-31A350F8353E}.Ad-Hoc|iPhoneSimulator.ActiveCfg = Debug|Any CPU
		{6713B936-BA1F-4F3D-929E-31A350F8353E}.Ad-Hoc|iPhoneSimulator.Build.0 = Debug|Any CPU
		{6713B936-BA1F-4F3D-929E-31A350F8353E}.Ad-Hoc|x64.ActiveCfg = Debug|Any CPU
		{6713B936-BA1F-4F3D-929E-31A350F8353E}.Ad-Hoc|x64.Build.0 = Debug|Any CPU
		{6713B936-BA1F-4F3D-929E-31A350F8353E}.Ad-Hoc|x86.ActiveCfg = Debug|Any CPU
		{6713B936-BA1F-4F3D-929E-31A350F8353E}.Ad-Hoc|x86.Build.0 = Debug|Any CPU
		{6713B936-BA1F-4F3D-929E-31A350F8353E}.AppStore|Any CPU.ActiveCfg = Debug|Any CPU
		{6713B936-BA1F-4F3D-929E-31A350F8353E}.AppStore|Any CPU.Build.0 = Debug|Any CPU
		{6713B936-BA1F-4F3D-929E-31A350F8353E}.AppStore|ARM.ActiveCfg = Debug|Any CPU
		{6713B936-BA1F-4F3D-929E-31A350F8353E}.AppStore|ARM.Build.0 = Debug|Any CPU
		{6713B936-BA1F-4F3D-929E-31A350F8353E}.AppStore|iPhone.ActiveCfg = Debug|Any CPU
		{6713B936-BA1F-4F3D-929E-31A350F8353E}.AppStore|iPhone.Build.0 = Debug|Any CPU
		{6713B936-BA1F-4F3D-929E-31A350F8353E}.AppStore|iPhoneSimulator.ActiveCfg = Debug|Any CPU
		{6713B936-BA1F-4F3D-929E-31A350F8353E}.AppStore|iPhoneSimulator.Build.0 = Debug|Any CPU
		{6713B936-BA1F-4F3D-929E-31A350F8353E}.AppStore|x64.ActiveCfg = Debug|Any CPU
		{6713B936-BA1F-4F3D-929E-31A350F8353E}.AppStore|x64.Build.0 = Debug|Any CPU
		{6713B936-BA1F-4F3D-929E-31A350F8353E}.AppStore|x86.ActiveCfg = Debug|Any CPU
		{6713B936-BA1F-4F3D-929E-31A350F8353E}.AppStore|x86.Build.0 = Debug|Any CPU
		{6713B936-BA1F-4F3D-929E-31A350F8353E}.Debug|Any CPU.ActiveCfg = Debug|Any CPU
		{6713B936-BA1F-4F3D-929E-31A350F8353E}.Debug|Any CPU.Build.0 = Debug|Any CPU
		{6713B936-BA1F-4F3D-929E-31A350F8353E}.Debug|ARM.ActiveCfg = Debug|Any CPU
		{6713B936-BA1F-4F3D-929E-31A350F8353E}.Debug|ARM.Build.0 = Debug|Any CPU
		{6713B936-BA1F-4F3D-929E-31A350F8353E}.Debug|iPhone.ActiveCfg = Debug|Any CPU
		{6713B936-BA1F-4F3D-929E-31A350F8353E}.Debug|iPhone.Build.0 = Debug|Any CPU
		{6713B936-BA1F-4F3D-929E-31A350F8353E}.Debug|iPhoneSimulator.ActiveCfg = Debug|Any CPU
		{6713B936-BA1F-4F3D-929E-31A350F8353E}.Debug|iPhoneSimulator.Build.0 = Debug|Any CPU
		{6713B936-BA1F-4F3D-929E-31A350F8353E}.Debug|x64.ActiveCfg = Debug|Any CPU
		{6713B936-BA1F-4F3D-929E-31A350F8353E}.Debug|x64.Build.0 = Debug|Any CPU
		{6713B936-BA1F-4F3D-929E-31A350F8353E}.Debug|x86.ActiveCfg = Debug|Any CPU
		{6713B936-BA1F-4F3D-929E-31A350F8353E}.Debug|x86.Build.0 = Debug|Any CPU
		{6713B936-BA1F-4F3D-929E-31A350F8353E}.Release|Any CPU.ActiveCfg = Release|Any CPU
		{6713B936-BA1F-4F3D-929E-31A350F8353E}.Release|Any CPU.Build.0 = Release|Any CPU
		{6713B936-BA1F-4F3D-929E-31A350F8353E}.Release|ARM.ActiveCfg = Release|Any CPU
		{6713B936-BA1F-4F3D-929E-31A350F8353E}.Release|ARM.Build.0 = Release|Any CPU
		{6713B936-BA1F-4F3D-929E-31A350F8353E}.Release|iPhone.ActiveCfg = Release|Any CPU
		{6713B936-BA1F-4F3D-929E-31A350F8353E}.Release|iPhone.Build.0 = Release|Any CPU
		{6713B936-BA1F-4F3D-929E-31A350F8353E}.Release|iPhoneSimulator.ActiveCfg = Release|Any CPU
		{6713B936-BA1F-4F3D-929E-31A350F8353E}.Release|iPhoneSimulator.Build.0 = Release|Any CPU
		{6713B936-BA1F-4F3D-929E-31A350F8353E}.Release|x64.ActiveCfg = Release|Any CPU
		{6713B936-BA1F-4F3D-929E-31A350F8353E}.Release|x64.Build.0 = Release|Any CPU
		{6713B936-BA1F-4F3D-929E-31A350F8353E}.Release|x86.ActiveCfg = Release|Any CPU
		{6713B936-BA1F-4F3D-929E-31A350F8353E}.Release|x86.Build.0 = Release|Any CPU
		{A9500901-16B7-4B5E-B3F1-00EC60F50F18}.Ad-Hoc|Any CPU.ActiveCfg = Debug|Any CPU
		{A9500901-16B7-4B5E-B3F1-00EC60F50F18}.Ad-Hoc|Any CPU.Build.0 = Debug|Any CPU
		{A9500901-16B7-4B5E-B3F1-00EC60F50F18}.Ad-Hoc|ARM.ActiveCfg = Debug|Any CPU
		{A9500901-16B7-4B5E-B3F1-00EC60F50F18}.Ad-Hoc|ARM.Build.0 = Debug|Any CPU
		{A9500901-16B7-4B5E-B3F1-00EC60F50F18}.Ad-Hoc|iPhone.ActiveCfg = Debug|Any CPU
		{A9500901-16B7-4B5E-B3F1-00EC60F50F18}.Ad-Hoc|iPhone.Build.0 = Debug|Any CPU
		{A9500901-16B7-4B5E-B3F1-00EC60F50F18}.Ad-Hoc|iPhoneSimulator.ActiveCfg = Debug|Any CPU
		{A9500901-16B7-4B5E-B3F1-00EC60F50F18}.Ad-Hoc|iPhoneSimulator.Build.0 = Debug|Any CPU
		{A9500901-16B7-4B5E-B3F1-00EC60F50F18}.Ad-Hoc|x64.ActiveCfg = Debug|Any CPU
		{A9500901-16B7-4B5E-B3F1-00EC60F50F18}.Ad-Hoc|x64.Build.0 = Debug|Any CPU
		{A9500901-16B7-4B5E-B3F1-00EC60F50F18}.Ad-Hoc|x86.ActiveCfg = Debug|Any CPU
		{A9500901-16B7-4B5E-B3F1-00EC60F50F18}.Ad-Hoc|x86.Build.0 = Debug|Any CPU
		{A9500901-16B7-4B5E-B3F1-00EC60F50F18}.AppStore|Any CPU.ActiveCfg = Debug|Any CPU
		{A9500901-16B7-4B5E-B3F1-00EC60F50F18}.AppStore|Any CPU.Build.0 = Debug|Any CPU
		{A9500901-16B7-4B5E-B3F1-00EC60F50F18}.AppStore|ARM.ActiveCfg = Debug|Any CPU
		{A9500901-16B7-4B5E-B3F1-00EC60F50F18}.AppStore|ARM.Build.0 = Debug|Any CPU
		{A9500901-16B7-4B5E-B3F1-00EC60F50F18}.AppStore|iPhone.ActiveCfg = Debug|Any CPU
		{A9500901-16B7-4B5E-B3F1-00EC60F50F18}.AppStore|iPhone.Build.0 = Debug|Any CPU
		{A9500901-16B7-4B5E-B3F1-00EC60F50F18}.AppStore|iPhoneSimulator.ActiveCfg = Debug|Any CPU
		{A9500901-16B7-4B5E-B3F1-00EC60F50F18}.AppStore|iPhoneSimulator.Build.0 = Debug|Any CPU
		{A9500901-16B7-4B5E-B3F1-00EC60F50F18}.AppStore|x64.ActiveCfg = Debug|Any CPU
		{A9500901-16B7-4B5E-B3F1-00EC60F50F18}.AppStore|x64.Build.0 = Debug|Any CPU
		{A9500901-16B7-4B5E-B3F1-00EC60F50F18}.AppStore|x86.ActiveCfg = Debug|Any CPU
		{A9500901-16B7-4B5E-B3F1-00EC60F50F18}.AppStore|x86.Build.0 = Debug|Any CPU
		{A9500901-16B7-4B5E-B3F1-00EC60F50F18}.Debug|Any CPU.ActiveCfg = Debug|Any CPU
		{A9500901-16B7-4B5E-B3F1-00EC60F50F18}.Debug|Any CPU.Build.0 = Debug|Any CPU
		{A9500901-16B7-4B5E-B3F1-00EC60F50F18}.Debug|ARM.ActiveCfg = Debug|Any CPU
		{A9500901-16B7-4B5E-B3F1-00EC60F50F18}.Debug|ARM.Build.0 = Debug|Any CPU
		{A9500901-16B7-4B5E-B3F1-00EC60F50F18}.Debug|iPhone.ActiveCfg = Debug|Any CPU
		{A9500901-16B7-4B5E-B3F1-00EC60F50F18}.Debug|iPhone.Build.0 = Debug|Any CPU
		{A9500901-16B7-4B5E-B3F1-00EC60F50F18}.Debug|iPhoneSimulator.ActiveCfg = Debug|Any CPU
		{A9500901-16B7-4B5E-B3F1-00EC60F50F18}.Debug|iPhoneSimulator.Build.0 = Debug|Any CPU
		{A9500901-16B7-4B5E-B3F1-00EC60F50F18}.Debug|x64.ActiveCfg = Debug|Any CPU
		{A9500901-16B7-4B5E-B3F1-00EC60F50F18}.Debug|x64.Build.0 = Debug|Any CPU
		{A9500901-16B7-4B5E-B3F1-00EC60F50F18}.Debug|x86.ActiveCfg = Debug|Any CPU
		{A9500901-16B7-4B5E-B3F1-00EC60F50F18}.Debug|x86.Build.0 = Debug|Any CPU
		{A9500901-16B7-4B5E-B3F1-00EC60F50F18}.Release|Any CPU.ActiveCfg = Release|Any CPU
		{A9500901-16B7-4B5E-B3F1-00EC60F50F18}.Release|Any CPU.Build.0 = Release|Any CPU
		{A9500901-16B7-4B5E-B3F1-00EC60F50F18}.Release|ARM.ActiveCfg = Release|Any CPU
		{A9500901-16B7-4B5E-B3F1-00EC60F50F18}.Release|ARM.Build.0 = Release|Any CPU
		{A9500901-16B7-4B5E-B3F1-00EC60F50F18}.Release|iPhone.ActiveCfg = Release|Any CPU
		{A9500901-16B7-4B5E-B3F1-00EC60F50F18}.Release|iPhone.Build.0 = Release|Any CPU
		{A9500901-16B7-4B5E-B3F1-00EC60F50F18}.Release|iPhoneSimulator.ActiveCfg = Release|Any CPU
		{A9500901-16B7-4B5E-B3F1-00EC60F50F18}.Release|iPhoneSimulator.Build.0 = Release|Any CPU
		{A9500901-16B7-4B5E-B3F1-00EC60F50F18}.Release|x64.ActiveCfg = Release|Any CPU
		{A9500901-16B7-4B5E-B3F1-00EC60F50F18}.Release|x64.Build.0 = Release|Any CPU
		{A9500901-16B7-4B5E-B3F1-00EC60F50F18}.Release|x86.ActiveCfg = Release|Any CPU
		{A9500901-16B7-4B5E-B3F1-00EC60F50F18}.Release|x86.Build.0 = Release|Any CPU
		{6A09C84A-2AA6-4DBC-BFF7-E62860741E20}.Ad-Hoc|Any CPU.ActiveCfg = Debug|Any CPU
		{6A09C84A-2AA6-4DBC-BFF7-E62860741E20}.Ad-Hoc|Any CPU.Build.0 = Debug|Any CPU
		{6A09C84A-2AA6-4DBC-BFF7-E62860741E20}.Ad-Hoc|ARM.ActiveCfg = Debug|Any CPU
		{6A09C84A-2AA6-4DBC-BFF7-E62860741E20}.Ad-Hoc|ARM.Build.0 = Debug|Any CPU
		{6A09C84A-2AA6-4DBC-BFF7-E62860741E20}.Ad-Hoc|iPhone.ActiveCfg = Debug|Any CPU
		{6A09C84A-2AA6-4DBC-BFF7-E62860741E20}.Ad-Hoc|iPhone.Build.0 = Debug|Any CPU
		{6A09C84A-2AA6-4DBC-BFF7-E62860741E20}.Ad-Hoc|iPhoneSimulator.ActiveCfg = Debug|Any CPU
		{6A09C84A-2AA6-4DBC-BFF7-E62860741E20}.Ad-Hoc|iPhoneSimulator.Build.0 = Debug|Any CPU
		{6A09C84A-2AA6-4DBC-BFF7-E62860741E20}.Ad-Hoc|x64.ActiveCfg = Debug|Any CPU
		{6A09C84A-2AA6-4DBC-BFF7-E62860741E20}.Ad-Hoc|x64.Build.0 = Debug|Any CPU
		{6A09C84A-2AA6-4DBC-BFF7-E62860741E20}.Ad-Hoc|x86.ActiveCfg = Debug|Any CPU
		{6A09C84A-2AA6-4DBC-BFF7-E62860741E20}.Ad-Hoc|x86.Build.0 = Debug|Any CPU
		{6A09C84A-2AA6-4DBC-BFF7-E62860741E20}.AppStore|Any CPU.ActiveCfg = Debug|Any CPU
		{6A09C84A-2AA6-4DBC-BFF7-E62860741E20}.AppStore|Any CPU.Build.0 = Debug|Any CPU
		{6A09C84A-2AA6-4DBC-BFF7-E62860741E20}.AppStore|ARM.ActiveCfg = Debug|Any CPU
		{6A09C84A-2AA6-4DBC-BFF7-E62860741E20}.AppStore|ARM.Build.0 = Debug|Any CPU
		{6A09C84A-2AA6-4DBC-BFF7-E62860741E20}.AppStore|iPhone.ActiveCfg = Debug|Any CPU
		{6A09C84A-2AA6-4DBC-BFF7-E62860741E20}.AppStore|iPhone.Build.0 = Debug|Any CPU
		{6A09C84A-2AA6-4DBC-BFF7-E62860741E20}.AppStore|iPhoneSimulator.ActiveCfg = Debug|Any CPU
		{6A09C84A-2AA6-4DBC-BFF7-E62860741E20}.AppStore|iPhoneSimulator.Build.0 = Debug|Any CPU
		{6A09C84A-2AA6-4DBC-BFF7-E62860741E20}.AppStore|x64.ActiveCfg = Debug|Any CPU
		{6A09C84A-2AA6-4DBC-BFF7-E62860741E20}.AppStore|x64.Build.0 = Debug|Any CPU
		{6A09C84A-2AA6-4DBC-BFF7-E62860741E20}.AppStore|x86.ActiveCfg = Debug|Any CPU
		{6A09C84A-2AA6-4DBC-BFF7-E62860741E20}.AppStore|x86.Build.0 = Debug|Any CPU
		{6A09C84A-2AA6-4DBC-BFF7-E62860741E20}.Debug|Any CPU.ActiveCfg = Debug|Any CPU
		{6A09C84A-2AA6-4DBC-BFF7-E62860741E20}.Debug|Any CPU.Build.0 = Debug|Any CPU
		{6A09C84A-2AA6-4DBC-BFF7-E62860741E20}.Debug|ARM.ActiveCfg = Debug|Any CPU
		{6A09C84A-2AA6-4DBC-BFF7-E62860741E20}.Debug|ARM.Build.0 = Debug|Any CPU
		{6A09C84A-2AA6-4DBC-BFF7-E62860741E20}.Debug|iPhone.ActiveCfg = Debug|Any CPU
		{6A09C84A-2AA6-4DBC-BFF7-E62860741E20}.Debug|iPhone.Build.0 = Debug|Any CPU
		{6A09C84A-2AA6-4DBC-BFF7-E62860741E20}.Debug|iPhoneSimulator.ActiveCfg = Debug|Any CPU
		{6A09C84A-2AA6-4DBC-BFF7-E62860741E20}.Debug|iPhoneSimulator.Build.0 = Debug|Any CPU
		{6A09C84A-2AA6-4DBC-BFF7-E62860741E20}.Debug|x64.ActiveCfg = Debug|Any CPU
		{6A09C84A-2AA6-4DBC-BFF7-E62860741E20}.Debug|x64.Build.0 = Debug|Any CPU
		{6A09C84A-2AA6-4DBC-BFF7-E62860741E20}.Debug|x86.ActiveCfg = Debug|Any CPU
		{6A09C84A-2AA6-4DBC-BFF7-E62860741E20}.Debug|x86.Build.0 = Debug|Any CPU
		{6A09C84A-2AA6-4DBC-BFF7-E62860741E20}.Release|Any CPU.ActiveCfg = Release|Any CPU
		{6A09C84A-2AA6-4DBC-BFF7-E62860741E20}.Release|Any CPU.Build.0 = Release|Any CPU
		{6A09C84A-2AA6-4DBC-BFF7-E62860741E20}.Release|ARM.ActiveCfg = Release|Any CPU
		{6A09C84A-2AA6-4DBC-BFF7-E62860741E20}.Release|ARM.Build.0 = Release|Any CPU
		{6A09C84A-2AA6-4DBC-BFF7-E62860741E20}.Release|iPhone.ActiveCfg = Release|Any CPU
		{6A09C84A-2AA6-4DBC-BFF7-E62860741E20}.Release|iPhone.Build.0 = Release|Any CPU
		{6A09C84A-2AA6-4DBC-BFF7-E62860741E20}.Release|iPhoneSimulator.ActiveCfg = Release|Any CPU
		{6A09C84A-2AA6-4DBC-BFF7-E62860741E20}.Release|iPhoneSimulator.Build.0 = Release|Any CPU
		{6A09C84A-2AA6-4DBC-BFF7-E62860741E20}.Release|x64.ActiveCfg = Release|Any CPU
		{6A09C84A-2AA6-4DBC-BFF7-E62860741E20}.Release|x64.Build.0 = Release|Any CPU
		{6A09C84A-2AA6-4DBC-BFF7-E62860741E20}.Release|x86.ActiveCfg = Release|Any CPU
		{6A09C84A-2AA6-4DBC-BFF7-E62860741E20}.Release|x86.Build.0 = Release|Any CPU
		{C0F8F27D-0E98-49B2-8708-8BA720A1CAEA}.Ad-Hoc|Any CPU.ActiveCfg = Debug|Any CPU
		{C0F8F27D-0E98-49B2-8708-8BA720A1CAEA}.Ad-Hoc|Any CPU.Build.0 = Debug|Any CPU
		{C0F8F27D-0E98-49B2-8708-8BA720A1CAEA}.Ad-Hoc|ARM.ActiveCfg = Debug|Any CPU
		{C0F8F27D-0E98-49B2-8708-8BA720A1CAEA}.Ad-Hoc|ARM.Build.0 = Debug|Any CPU
		{C0F8F27D-0E98-49B2-8708-8BA720A1CAEA}.Ad-Hoc|iPhone.ActiveCfg = Debug|Any CPU
		{C0F8F27D-0E98-49B2-8708-8BA720A1CAEA}.Ad-Hoc|iPhone.Build.0 = Debug|Any CPU
		{C0F8F27D-0E98-49B2-8708-8BA720A1CAEA}.Ad-Hoc|iPhoneSimulator.ActiveCfg = Debug|Any CPU
		{C0F8F27D-0E98-49B2-8708-8BA720A1CAEA}.Ad-Hoc|iPhoneSimulator.Build.0 = Debug|Any CPU
		{C0F8F27D-0E98-49B2-8708-8BA720A1CAEA}.Ad-Hoc|x64.ActiveCfg = Debug|Any CPU
		{C0F8F27D-0E98-49B2-8708-8BA720A1CAEA}.Ad-Hoc|x64.Build.0 = Debug|Any CPU
		{C0F8F27D-0E98-49B2-8708-8BA720A1CAEA}.Ad-Hoc|x86.ActiveCfg = Debug|Any CPU
		{C0F8F27D-0E98-49B2-8708-8BA720A1CAEA}.Ad-Hoc|x86.Build.0 = Debug|Any CPU
		{C0F8F27D-0E98-49B2-8708-8BA720A1CAEA}.AppStore|Any CPU.ActiveCfg = Debug|Any CPU
		{C0F8F27D-0E98-49B2-8708-8BA720A1CAEA}.AppStore|Any CPU.Build.0 = Debug|Any CPU
		{C0F8F27D-0E98-49B2-8708-8BA720A1CAEA}.AppStore|ARM.ActiveCfg = Debug|Any CPU
		{C0F8F27D-0E98-49B2-8708-8BA720A1CAEA}.AppStore|ARM.Build.0 = Debug|Any CPU
		{C0F8F27D-0E98-49B2-8708-8BA720A1CAEA}.AppStore|iPhone.ActiveCfg = Debug|Any CPU
		{C0F8F27D-0E98-49B2-8708-8BA720A1CAEA}.AppStore|iPhone.Build.0 = Debug|Any CPU
		{C0F8F27D-0E98-49B2-8708-8BA720A1CAEA}.AppStore|iPhoneSimulator.ActiveCfg = Debug|Any CPU
		{C0F8F27D-0E98-49B2-8708-8BA720A1CAEA}.AppStore|iPhoneSimulator.Build.0 = Debug|Any CPU
		{C0F8F27D-0E98-49B2-8708-8BA720A1CAEA}.AppStore|x64.ActiveCfg = Debug|Any CPU
		{C0F8F27D-0E98-49B2-8708-8BA720A1CAEA}.AppStore|x64.Build.0 = Debug|Any CPU
		{C0F8F27D-0E98-49B2-8708-8BA720A1CAEA}.AppStore|x86.ActiveCfg = Debug|Any CPU
		{C0F8F27D-0E98-49B2-8708-8BA720A1CAEA}.AppStore|x86.Build.0 = Debug|Any CPU
		{C0F8F27D-0E98-49B2-8708-8BA720A1CAEA}.Debug|Any CPU.ActiveCfg = Debug|Any CPU
		{C0F8F27D-0E98-49B2-8708-8BA720A1CAEA}.Debug|Any CPU.Build.0 = Debug|Any CPU
		{C0F8F27D-0E98-49B2-8708-8BA720A1CAEA}.Debug|ARM.ActiveCfg = Debug|Any CPU
		{C0F8F27D-0E98-49B2-8708-8BA720A1CAEA}.Debug|ARM.Build.0 = Debug|Any CPU
		{C0F8F27D-0E98-49B2-8708-8BA720A1CAEA}.Debug|iPhone.ActiveCfg = Debug|Any CPU
		{C0F8F27D-0E98-49B2-8708-8BA720A1CAEA}.Debug|iPhone.Build.0 = Debug|Any CPU
		{C0F8F27D-0E98-49B2-8708-8BA720A1CAEA}.Debug|iPhoneSimulator.ActiveCfg = Debug|Any CPU
		{C0F8F27D-0E98-49B2-8708-8BA720A1CAEA}.Debug|iPhoneSimulator.Build.0 = Debug|Any CPU
		{C0F8F27D-0E98-49B2-8708-8BA720A1CAEA}.Debug|x64.ActiveCfg = Debug|Any CPU
		{C0F8F27D-0E98-49B2-8708-8BA720A1CAEA}.Debug|x64.Build.0 = Debug|Any CPU
		{C0F8F27D-0E98-49B2-8708-8BA720A1CAEA}.Debug|x86.ActiveCfg = Debug|Any CPU
		{C0F8F27D-0E98-49B2-8708-8BA720A1CAEA}.Debug|x86.Build.0 = Debug|Any CPU
		{C0F8F27D-0E98-49B2-8708-8BA720A1CAEA}.Release|Any CPU.ActiveCfg = Release|Any CPU
		{C0F8F27D-0E98-49B2-8708-8BA720A1CAEA}.Release|Any CPU.Build.0 = Release|Any CPU
		{C0F8F27D-0E98-49B2-8708-8BA720A1CAEA}.Release|ARM.ActiveCfg = Release|Any CPU
		{C0F8F27D-0E98-49B2-8708-8BA720A1CAEA}.Release|ARM.Build.0 = Release|Any CPU
		{C0F8F27D-0E98-49B2-8708-8BA720A1CAEA}.Release|iPhone.ActiveCfg = Release|Any CPU
		{C0F8F27D-0E98-49B2-8708-8BA720A1CAEA}.Release|iPhone.Build.0 = Release|Any CPU
		{C0F8F27D-0E98-49B2-8708-8BA720A1CAEA}.Release|iPhoneSimulator.ActiveCfg = Release|Any CPU
		{C0F8F27D-0E98-49B2-8708-8BA720A1CAEA}.Release|iPhoneSimulator.Build.0 = Release|Any CPU
		{C0F8F27D-0E98-49B2-8708-8BA720A1CAEA}.Release|x64.ActiveCfg = Release|Any CPU
		{C0F8F27D-0E98-49B2-8708-8BA720A1CAEA}.Release|x64.Build.0 = Release|Any CPU
		{C0F8F27D-0E98-49B2-8708-8BA720A1CAEA}.Release|x86.ActiveCfg = Release|Any CPU
		{C0F8F27D-0E98-49B2-8708-8BA720A1CAEA}.Release|x86.Build.0 = Release|Any CPU
		{D96F1839-0518-4CAB-AAA0-E98DAADBEEBF}.Ad-Hoc|Any CPU.ActiveCfg = Debug|Any CPU
		{D96F1839-0518-4CAB-AAA0-E98DAADBEEBF}.Ad-Hoc|Any CPU.Build.0 = Debug|Any CPU
		{D96F1839-0518-4CAB-AAA0-E98DAADBEEBF}.Ad-Hoc|ARM.ActiveCfg = Debug|Any CPU
		{D96F1839-0518-4CAB-AAA0-E98DAADBEEBF}.Ad-Hoc|ARM.Build.0 = Debug|Any CPU
		{D96F1839-0518-4CAB-AAA0-E98DAADBEEBF}.Ad-Hoc|iPhone.ActiveCfg = Debug|Any CPU
		{D96F1839-0518-4CAB-AAA0-E98DAADBEEBF}.Ad-Hoc|iPhone.Build.0 = Debug|Any CPU
		{D96F1839-0518-4CAB-AAA0-E98DAADBEEBF}.Ad-Hoc|iPhoneSimulator.ActiveCfg = Debug|Any CPU
		{D96F1839-0518-4CAB-AAA0-E98DAADBEEBF}.Ad-Hoc|iPhoneSimulator.Build.0 = Debug|Any CPU
		{D96F1839-0518-4CAB-AAA0-E98DAADBEEBF}.Ad-Hoc|x64.ActiveCfg = Debug|Any CPU
		{D96F1839-0518-4CAB-AAA0-E98DAADBEEBF}.Ad-Hoc|x64.Build.0 = Debug|Any CPU
		{D96F1839-0518-4CAB-AAA0-E98DAADBEEBF}.Ad-Hoc|x86.ActiveCfg = Debug|Any CPU
		{D96F1839-0518-4CAB-AAA0-E98DAADBEEBF}.Ad-Hoc|x86.Build.0 = Debug|Any CPU
		{D96F1839-0518-4CAB-AAA0-E98DAADBEEBF}.AppStore|Any CPU.ActiveCfg = Debug|Any CPU
		{D96F1839-0518-4CAB-AAA0-E98DAADBEEBF}.AppStore|Any CPU.Build.0 = Debug|Any CPU
		{D96F1839-0518-4CAB-AAA0-E98DAADBEEBF}.AppStore|ARM.ActiveCfg = Debug|Any CPU
		{D96F1839-0518-4CAB-AAA0-E98DAADBEEBF}.AppStore|ARM.Build.0 = Debug|Any CPU
		{D96F1839-0518-4CAB-AAA0-E98DAADBEEBF}.AppStore|iPhone.ActiveCfg = Debug|Any CPU
		{D96F1839-0518-4CAB-AAA0-E98DAADBEEBF}.AppStore|iPhone.Build.0 = Debug|Any CPU
		{D96F1839-0518-4CAB-AAA0-E98DAADBEEBF}.AppStore|iPhoneSimulator.ActiveCfg = Debug|Any CPU
		{D96F1839-0518-4CAB-AAA0-E98DAADBEEBF}.AppStore|iPhoneSimulator.Build.0 = Debug|Any CPU
		{D96F1839-0518-4CAB-AAA0-E98DAADBEEBF}.AppStore|x64.ActiveCfg = Debug|Any CPU
		{D96F1839-0518-4CAB-AAA0-E98DAADBEEBF}.AppStore|x64.Build.0 = Debug|Any CPU
		{D96F1839-0518-4CAB-AAA0-E98DAADBEEBF}.AppStore|x86.ActiveCfg = Debug|Any CPU
		{D96F1839-0518-4CAB-AAA0-E98DAADBEEBF}.AppStore|x86.Build.0 = Debug|Any CPU
		{D96F1839-0518-4CAB-AAA0-E98DAADBEEBF}.Debug|Any CPU.ActiveCfg = Debug|Any CPU
		{D96F1839-0518-4CAB-AAA0-E98DAADBEEBF}.Debug|Any CPU.Build.0 = Debug|Any CPU
		{D96F1839-0518-4CAB-AAA0-E98DAADBEEBF}.Debug|ARM.ActiveCfg = Debug|Any CPU
		{D96F1839-0518-4CAB-AAA0-E98DAADBEEBF}.Debug|ARM.Build.0 = Debug|Any CPU
		{D96F1839-0518-4CAB-AAA0-E98DAADBEEBF}.Debug|iPhone.ActiveCfg = Debug|Any CPU
		{D96F1839-0518-4CAB-AAA0-E98DAADBEEBF}.Debug|iPhone.Build.0 = Debug|Any CPU
		{D96F1839-0518-4CAB-AAA0-E98DAADBEEBF}.Debug|iPhoneSimulator.ActiveCfg = Debug|Any CPU
		{D96F1839-0518-4CAB-AAA0-E98DAADBEEBF}.Debug|iPhoneSimulator.Build.0 = Debug|Any CPU
		{D96F1839-0518-4CAB-AAA0-E98DAADBEEBF}.Debug|x64.ActiveCfg = Debug|Any CPU
		{D96F1839-0518-4CAB-AAA0-E98DAADBEEBF}.Debug|x64.Build.0 = Debug|Any CPU
		{D96F1839-0518-4CAB-AAA0-E98DAADBEEBF}.Debug|x86.ActiveCfg = Debug|Any CPU
		{D96F1839-0518-4CAB-AAA0-E98DAADBEEBF}.Debug|x86.Build.0 = Debug|Any CPU
		{D96F1839-0518-4CAB-AAA0-E98DAADBEEBF}.Release|Any CPU.ActiveCfg = Release|Any CPU
		{D96F1839-0518-4CAB-AAA0-E98DAADBEEBF}.Release|Any CPU.Build.0 = Release|Any CPU
		{D96F1839-0518-4CAB-AAA0-E98DAADBEEBF}.Release|ARM.ActiveCfg = Release|Any CPU
		{D96F1839-0518-4CAB-AAA0-E98DAADBEEBF}.Release|ARM.Build.0 = Release|Any CPU
		{D96F1839-0518-4CAB-AAA0-E98DAADBEEBF}.Release|iPhone.ActiveCfg = Release|Any CPU
		{D96F1839-0518-4CAB-AAA0-E98DAADBEEBF}.Release|iPhone.Build.0 = Release|Any CPU
		{D96F1839-0518-4CAB-AAA0-E98DAADBEEBF}.Release|iPhoneSimulator.ActiveCfg = Release|Any CPU
		{D96F1839-0518-4CAB-AAA0-E98DAADBEEBF}.Release|iPhoneSimulator.Build.0 = Release|Any CPU
		{D96F1839-0518-4CAB-AAA0-E98DAADBEEBF}.Release|x64.ActiveCfg = Release|Any CPU
		{D96F1839-0518-4CAB-AAA0-E98DAADBEEBF}.Release|x64.Build.0 = Release|Any CPU
		{D96F1839-0518-4CAB-AAA0-E98DAADBEEBF}.Release|x86.ActiveCfg = Release|Any CPU
		{D96F1839-0518-4CAB-AAA0-E98DAADBEEBF}.Release|x86.Build.0 = Release|Any CPU
		{DC8A6606-7F6F-4E5D-B297-89F30E558A48}.Ad-Hoc|Any CPU.ActiveCfg = Debug|Any CPU
		{DC8A6606-7F6F-4E5D-B297-89F30E558A48}.Ad-Hoc|Any CPU.Build.0 = Debug|Any CPU
		{DC8A6606-7F6F-4E5D-B297-89F30E558A48}.Ad-Hoc|ARM.ActiveCfg = Debug|Any CPU
		{DC8A6606-7F6F-4E5D-B297-89F30E558A48}.Ad-Hoc|ARM.Build.0 = Debug|Any CPU
		{DC8A6606-7F6F-4E5D-B297-89F30E558A48}.Ad-Hoc|iPhone.ActiveCfg = Debug|Any CPU
		{DC8A6606-7F6F-4E5D-B297-89F30E558A48}.Ad-Hoc|iPhone.Build.0 = Debug|Any CPU
		{DC8A6606-7F6F-4E5D-B297-89F30E558A48}.Ad-Hoc|iPhoneSimulator.ActiveCfg = Debug|Any CPU
		{DC8A6606-7F6F-4E5D-B297-89F30E558A48}.Ad-Hoc|iPhoneSimulator.Build.0 = Debug|Any CPU
		{DC8A6606-7F6F-4E5D-B297-89F30E558A48}.Ad-Hoc|x64.ActiveCfg = Debug|Any CPU
		{DC8A6606-7F6F-4E5D-B297-89F30E558A48}.Ad-Hoc|x64.Build.0 = Debug|Any CPU
		{DC8A6606-7F6F-4E5D-B297-89F30E558A48}.Ad-Hoc|x86.ActiveCfg = Debug|Any CPU
		{DC8A6606-7F6F-4E5D-B297-89F30E558A48}.Ad-Hoc|x86.Build.0 = Debug|Any CPU
		{DC8A6606-7F6F-4E5D-B297-89F30E558A48}.AppStore|Any CPU.ActiveCfg = Debug|Any CPU
		{DC8A6606-7F6F-4E5D-B297-89F30E558A48}.AppStore|Any CPU.Build.0 = Debug|Any CPU
		{DC8A6606-7F6F-4E5D-B297-89F30E558A48}.AppStore|ARM.ActiveCfg = Debug|Any CPU
		{DC8A6606-7F6F-4E5D-B297-89F30E558A48}.AppStore|ARM.Build.0 = Debug|Any CPU
		{DC8A6606-7F6F-4E5D-B297-89F30E558A48}.AppStore|iPhone.ActiveCfg = Debug|Any CPU
		{DC8A6606-7F6F-4E5D-B297-89F30E558A48}.AppStore|iPhone.Build.0 = Debug|Any CPU
		{DC8A6606-7F6F-4E5D-B297-89F30E558A48}.AppStore|iPhoneSimulator.ActiveCfg = Debug|Any CPU
		{DC8A6606-7F6F-4E5D-B297-89F30E558A48}.AppStore|iPhoneSimulator.Build.0 = Debug|Any CPU
		{DC8A6606-7F6F-4E5D-B297-89F30E558A48}.AppStore|x64.ActiveCfg = Debug|Any CPU
		{DC8A6606-7F6F-4E5D-B297-89F30E558A48}.AppStore|x64.Build.0 = Debug|Any CPU
		{DC8A6606-7F6F-4E5D-B297-89F30E558A48}.AppStore|x86.ActiveCfg = Debug|Any CPU
		{DC8A6606-7F6F-4E5D-B297-89F30E558A48}.AppStore|x86.Build.0 = Debug|Any CPU
		{DC8A6606-7F6F-4E5D-B297-89F30E558A48}.Debug|Any CPU.ActiveCfg = Debug|Any CPU
		{DC8A6606-7F6F-4E5D-B297-89F30E558A48}.Debug|Any CPU.Build.0 = Debug|Any CPU
		{DC8A6606-7F6F-4E5D-B297-89F30E558A48}.Debug|ARM.ActiveCfg = Debug|Any CPU
		{DC8A6606-7F6F-4E5D-B297-89F30E558A48}.Debug|ARM.Build.0 = Debug|Any CPU
		{DC8A6606-7F6F-4E5D-B297-89F30E558A48}.Debug|iPhone.ActiveCfg = Debug|Any CPU
		{DC8A6606-7F6F-4E5D-B297-89F30E558A48}.Debug|iPhone.Build.0 = Debug|Any CPU
		{DC8A6606-7F6F-4E5D-B297-89F30E558A48}.Debug|iPhoneSimulator.ActiveCfg = Debug|Any CPU
		{DC8A6606-7F6F-4E5D-B297-89F30E558A48}.Debug|iPhoneSimulator.Build.0 = Debug|Any CPU
		{DC8A6606-7F6F-4E5D-B297-89F30E558A48}.Debug|x64.ActiveCfg = Debug|Any CPU
		{DC8A6606-7F6F-4E5D-B297-89F30E558A48}.Debug|x64.Build.0 = Debug|Any CPU
		{DC8A6606-7F6F-4E5D-B297-89F30E558A48}.Debug|x86.ActiveCfg = Debug|Any CPU
		{DC8A6606-7F6F-4E5D-B297-89F30E558A48}.Debug|x86.Build.0 = Debug|Any CPU
		{DC8A6606-7F6F-4E5D-B297-89F30E558A48}.Release|Any CPU.ActiveCfg = Release|Any CPU
		{DC8A6606-7F6F-4E5D-B297-89F30E558A48}.Release|Any CPU.Build.0 = Release|Any CPU
		{DC8A6606-7F6F-4E5D-B297-89F30E558A48}.Release|ARM.ActiveCfg = Release|Any CPU
		{DC8A6606-7F6F-4E5D-B297-89F30E558A48}.Release|ARM.Build.0 = Release|Any CPU
		{DC8A6606-7F6F-4E5D-B297-89F30E558A48}.Release|iPhone.ActiveCfg = Release|Any CPU
		{DC8A6606-7F6F-4E5D-B297-89F30E558A48}.Release|iPhone.Build.0 = Release|Any CPU
		{DC8A6606-7F6F-4E5D-B297-89F30E558A48}.Release|iPhoneSimulator.ActiveCfg = Release|Any CPU
		{DC8A6606-7F6F-4E5D-B297-89F30E558A48}.Release|iPhoneSimulator.Build.0 = Release|Any CPU
		{DC8A6606-7F6F-4E5D-B297-89F30E558A48}.Release|x64.ActiveCfg = Release|Any CPU
		{DC8A6606-7F6F-4E5D-B297-89F30E558A48}.Release|x64.Build.0 = Release|Any CPU
		{DC8A6606-7F6F-4E5D-B297-89F30E558A48}.Release|x86.ActiveCfg = Release|Any CPU
		{DC8A6606-7F6F-4E5D-B297-89F30E558A48}.Release|x86.Build.0 = Release|Any CPU
		{F896104E-1C21-4D95-B792-9D0000BFBD8B}.Ad-Hoc|Any CPU.ActiveCfg = Debug|Any CPU
		{F896104E-1C21-4D95-B792-9D0000BFBD8B}.Ad-Hoc|Any CPU.Build.0 = Debug|Any CPU
		{F896104E-1C21-4D95-B792-9D0000BFBD8B}.Ad-Hoc|ARM.ActiveCfg = Debug|Any CPU
		{F896104E-1C21-4D95-B792-9D0000BFBD8B}.Ad-Hoc|ARM.Build.0 = Debug|Any CPU
		{F896104E-1C21-4D95-B792-9D0000BFBD8B}.Ad-Hoc|iPhone.ActiveCfg = Debug|Any CPU
		{F896104E-1C21-4D95-B792-9D0000BFBD8B}.Ad-Hoc|iPhone.Build.0 = Debug|Any CPU
		{F896104E-1C21-4D95-B792-9D0000BFBD8B}.Ad-Hoc|iPhoneSimulator.ActiveCfg = Debug|Any CPU
		{F896104E-1C21-4D95-B792-9D0000BFBD8B}.Ad-Hoc|iPhoneSimulator.Build.0 = Debug|Any CPU
		{F896104E-1C21-4D95-B792-9D0000BFBD8B}.Ad-Hoc|x64.ActiveCfg = Debug|Any CPU
		{F896104E-1C21-4D95-B792-9D0000BFBD8B}.Ad-Hoc|x64.Build.0 = Debug|Any CPU
		{F896104E-1C21-4D95-B792-9D0000BFBD8B}.Ad-Hoc|x86.ActiveCfg = Debug|Any CPU
		{F896104E-1C21-4D95-B792-9D0000BFBD8B}.Ad-Hoc|x86.Build.0 = Debug|Any CPU
		{F896104E-1C21-4D95-B792-9D0000BFBD8B}.AppStore|Any CPU.ActiveCfg = Debug|Any CPU
		{F896104E-1C21-4D95-B792-9D0000BFBD8B}.AppStore|Any CPU.Build.0 = Debug|Any CPU
		{F896104E-1C21-4D95-B792-9D0000BFBD8B}.AppStore|ARM.ActiveCfg = Debug|Any CPU
		{F896104E-1C21-4D95-B792-9D0000BFBD8B}.AppStore|ARM.Build.0 = Debug|Any CPU
		{F896104E-1C21-4D95-B792-9D0000BFBD8B}.AppStore|iPhone.ActiveCfg = Debug|Any CPU
		{F896104E-1C21-4D95-B792-9D0000BFBD8B}.AppStore|iPhone.Build.0 = Debug|Any CPU
		{F896104E-1C21-4D95-B792-9D0000BFBD8B}.AppStore|iPhoneSimulator.ActiveCfg = Debug|Any CPU
		{F896104E-1C21-4D95-B792-9D0000BFBD8B}.AppStore|iPhoneSimulator.Build.0 = Debug|Any CPU
		{F896104E-1C21-4D95-B792-9D0000BFBD8B}.AppStore|x64.ActiveCfg = Debug|Any CPU
		{F896104E-1C21-4D95-B792-9D0000BFBD8B}.AppStore|x64.Build.0 = Debug|Any CPU
		{F896104E-1C21-4D95-B792-9D0000BFBD8B}.AppStore|x86.ActiveCfg = Debug|Any CPU
		{F896104E-1C21-4D95-B792-9D0000BFBD8B}.AppStore|x86.Build.0 = Debug|Any CPU
		{F896104E-1C21-4D95-B792-9D0000BFBD8B}.Debug|Any CPU.ActiveCfg = Debug|Any CPU
		{F896104E-1C21-4D95-B792-9D0000BFBD8B}.Debug|Any CPU.Build.0 = Debug|Any CPU
		{F896104E-1C21-4D95-B792-9D0000BFBD8B}.Debug|ARM.ActiveCfg = Debug|Any CPU
		{F896104E-1C21-4D95-B792-9D0000BFBD8B}.Debug|ARM.Build.0 = Debug|Any CPU
		{F896104E-1C21-4D95-B792-9D0000BFBD8B}.Debug|iPhone.ActiveCfg = Debug|Any CPU
		{F896104E-1C21-4D95-B792-9D0000BFBD8B}.Debug|iPhone.Build.0 = Debug|Any CPU
		{F896104E-1C21-4D95-B792-9D0000BFBD8B}.Debug|iPhoneSimulator.ActiveCfg = Debug|Any CPU
		{F896104E-1C21-4D95-B792-9D0000BFBD8B}.Debug|iPhoneSimulator.Build.0 = Debug|Any CPU
		{F896104E-1C21-4D95-B792-9D0000BFBD8B}.Debug|x64.ActiveCfg = Debug|Any CPU
		{F896104E-1C21-4D95-B792-9D0000BFBD8B}.Debug|x64.Build.0 = Debug|Any CPU
		{F896104E-1C21-4D95-B792-9D0000BFBD8B}.Debug|x86.ActiveCfg = Debug|Any CPU
		{F896104E-1C21-4D95-B792-9D0000BFBD8B}.Debug|x86.Build.0 = Debug|Any CPU
		{F896104E-1C21-4D95-B792-9D0000BFBD8B}.Release|Any CPU.ActiveCfg = Release|Any CPU
		{F896104E-1C21-4D95-B792-9D0000BFBD8B}.Release|Any CPU.Build.0 = Release|Any CPU
		{F896104E-1C21-4D95-B792-9D0000BFBD8B}.Release|ARM.ActiveCfg = Release|Any CPU
		{F896104E-1C21-4D95-B792-9D0000BFBD8B}.Release|ARM.Build.0 = Release|Any CPU
		{F896104E-1C21-4D95-B792-9D0000BFBD8B}.Release|iPhone.ActiveCfg = Release|Any CPU
		{F896104E-1C21-4D95-B792-9D0000BFBD8B}.Release|iPhone.Build.0 = Release|Any CPU
		{F896104E-1C21-4D95-B792-9D0000BFBD8B}.Release|iPhoneSimulator.ActiveCfg = Release|Any CPU
		{F896104E-1C21-4D95-B792-9D0000BFBD8B}.Release|iPhoneSimulator.Build.0 = Release|Any CPU
		{F896104E-1C21-4D95-B792-9D0000BFBD8B}.Release|x64.ActiveCfg = Release|Any CPU
		{F896104E-1C21-4D95-B792-9D0000BFBD8B}.Release|x64.Build.0 = Release|Any CPU
		{F896104E-1C21-4D95-B792-9D0000BFBD8B}.Release|x86.ActiveCfg = Release|Any CPU
		{F896104E-1C21-4D95-B792-9D0000BFBD8B}.Release|x86.Build.0 = Release|Any CPU
	EndGlobalSection
	GlobalSection(SolutionProperties) = preSolution
		HideSolutionNode = FALSE
	EndGlobalSection
	GlobalSection(NestedProjects) = preSolution
		{91CF7717-08AB-4E65-B10E-0B426F01E2E8} = {932D8224-11F6-4D07-B109-DA28AD288A63}
		{E279BF0F-7F66-4F3A-A3AB-2CDA66C1CD04} = {932D8224-11F6-4D07-B109-DA28AD288A63}
		{24CD3B53-141E-4A07-9B0D-796641E1CF78} = {91CF7717-08AB-4E65-B10E-0B426F01E2E8}
		{A579E108-5445-403D-A407-339AC4D1611B} = {24CD3B53-141E-4A07-9B0D-796641E1CF78}
		{F16E3C6A-1C94-4EAB-BE91-099618060B68} = {E279BF0F-7F66-4F3A-A3AB-2CDA66C1CD04}
		{DB0EFB20-B024-4E5E-A75C-52143C131D25} = {932D8224-11F6-4D07-B109-DA28AD288A63}
		{807BB76E-B2BB-47A2-A57B-3D1B20FF5E7F} = {DB0EFB20-B024-4E5E-A75C-52143C131D25}
		{0044B293-1DCC-4224-B948-00CF6DC7F510} = {807BB76E-B2BB-47A2-A57B-3D1B20FF5E7F}
		{8088F3FC-6787-45FA-A924-816EC81CBFAC} = {807BB76E-B2BB-47A2-A57B-3D1B20FF5E7F}
		{9EE28E45-1533-472B-8267-56C48855BA0E} = {807BB76E-B2BB-47A2-A57B-3D1B20FF5E7F}
		{A81ECBC2-6B00-4DCD-8388-469174033379} = {DB0EFB20-B024-4E5E-A75C-52143C131D25}
		{942ED6E8-0050-495F-A0EA-01E97F63760C} = {A81ECBC2-6B00-4DCD-8388-469174033379}
		{22A0F9C1-2D4A-4107-95B7-8459E6688BC5} = {A81ECBC2-6B00-4DCD-8388-469174033379}
		{4BD76717-3102-4969-8C2C-BAAA3F0263B6} = {A81ECBC2-6B00-4DCD-8388-469174033379}
		{41139F64-4046-4F16-96B7-D941D96FA9C6} = {91CF7717-08AB-4E65-B10E-0B426F01E2E8}
		{69AF10D3-AA76-4FF7-B187-EC7E8CC5F5B8} = {807BB76E-B2BB-47A2-A57B-3D1B20FF5E7F}
		{768C887F-C229-4B94-ACD8-0C7F65686524} = {A81ECBC2-6B00-4DCD-8388-469174033379}
		{1815B651-941C-466B-AE33-D1D7EEB8F77F} = {DB0EFB20-B024-4E5E-A75C-52143C131D25}
		{15F4B3AA-89B6-4A0D-9051-414305974781} = {1815B651-941C-466B-AE33-D1D7EEB8F77F}
		{C3F6ED48-E26D-4D57-970F-B82E69467BA1} = {41139F64-4046-4F16-96B7-D941D96FA9C6}
		{457B2AC6-FA5A-4BF2-9384-FA6370B8E655} = {41139F64-4046-4F16-96B7-D941D96FA9C6}
		{0B5E67E9-CB3D-4176-82B4-55BE0A545EF0} = {932D8224-11F6-4D07-B109-DA28AD288A63}
		{6713B936-BA1F-4F3D-929E-31A350F8353E} = {0B5E67E9-CB3D-4176-82B4-55BE0A545EF0}
		{AF958F46-AC05-46B6-B529-DBD41475E045} = {91CF7717-08AB-4E65-B10E-0B426F01E2E8}
		{A9500901-16B7-4B5E-B3F1-00EC60F50F18} = {AF958F46-AC05-46B6-B529-DBD41475E045}
		{6A09C84A-2AA6-4DBC-BFF7-E62860741E20} = {AF958F46-AC05-46B6-B529-DBD41475E045}
		{C0F8F27D-0E98-49B2-8708-8BA720A1CAEA} = {E279BF0F-7F66-4F3A-A3AB-2CDA66C1CD04}
		{C96CD64F-E97C-47EB-8169-8DB0C1A8B17B} = {91CF7717-08AB-4E65-B10E-0B426F01E2E8}
		{D96F1839-0518-4CAB-AAA0-E98DAADBEEBF} = {C96CD64F-E97C-47EB-8169-8DB0C1A8B17B}
		{DC8A6606-7F6F-4E5D-B297-89F30E558A48} = {41139F64-4046-4F16-96B7-D941D96FA9C6}
		{F896104E-1C21-4D95-B792-9D0000BFBD8B} = {1C4F3453-776F-42C9-B0A9-3EEA57EDE007}
		{1C4F3453-776F-42C9-B0A9-3EEA57EDE007} = {DB0EFB20-B024-4E5E-A75C-52143C131D25}
	EndGlobalSection
	GlobalSection(ExtensibilityGlobals) = postSolution
		SolutionGuid = {25728519-5F0F-4973-8A64-0A81EB4EA8D9}
	EndGlobalSection
EndGlobal
